
Microsoft Visual Studio Solution File, Format Version 12.00
# Visual Studio Version 17
VisualStudioVersion = 17.1.32407.343
MinimumVisualStudioVersion = 10.0.40219.1
Project("{8BC9CEB8-8B4A-11D0-8D11-00A0C91BC942}") = "KaiNote", "Kainote\Kainote.vcxproj", "{180DEA91-88AF-4FEB-8B82-7F3716E118BB}"
EndProject
Project("{8BC9CEB8-8B4A-11D0-8D11-00A0C91BC942}") = "FreeType2", "Thirdparty\Build\FreeType2\FreeType2.vcxproj", "{9F3CC443-D4EB-43E6-8263-8448F731489F}"
EndProject
Project("{8BC9CEB8-8B4A-11D0-8D11-00A0C91BC942}") = "HarfBuzz", "Thirdparty\Build\HarfBuzz\HarfBuzz.vcxproj", "{7D76113C-59DD-42AC-8783-A1E5034E58AA}"
EndProject
Project("{8BC9CEB8-8B4A-11D0-8D11-00A0C91BC942}") = "Icu", "Thirdparty\Build\Icu\Icu.vcxproj", "{E0F14C76-4D63-4A46-8ADD-68C112018BB3}"
EndProject
Project("{2150E333-8FDC-42A3-9474-1A3956D46DE8}") = "dependencies", "dependencies", "{0E7E47E9-6B33-4AE5-AE23-4F15B04EFD33}"
EndProject
Project("{8BC9CEB8-8B4A-11D0-8D11-00A0C91BC942}") = "LuaBins", "Thirdparty\Build\LuaBins\LuaBins.vcxproj", "{AF5CD8A9-C5DC-4780-BA28-5ED5EF9A3536}"
EndProject
Project("{8BC9CEB8-8B4A-11D0-8D11-00A0C91BC942}") = "Boost", "Thirdparty\Build\Boost\Boost.vcxproj", "{C91E1D87-614C-47E8-9587-393568D41738}"
EndProject
Project("{8BC9CEB8-8B4A-11D0-8D11-00A0C91BC942}") = "LuaJitBuild", "Thirdparty\Build\LuaJitBuild\LuaJitBuild.vcxproj", "{F6C48ACA-C78D-450F-8059-010BBBA12137}"
EndProject
Project("{8BC9CEB8-8B4A-11D0-8D11-00A0C91BC942}") = "Zlib", "Thirdparty\Build\Zlib\Zlib.vcxproj", "{56E35122-0B51-43D4-A721-472F2F956E0F}"
EndProject
Project("{8BC9CEB8-8B4A-11D0-8D11-00A0C91BC942}") = "Libass", "Thirdparty\Build\Libass\Libass.vcxproj", "{DD6C83B0-C8E0-4C46-BFCE-C758B31904B1}"
EndProject
Project("{8BC9CEB8-8B4A-11D0-8D11-00A0C91BC942}") = "baseclasses", "Thirdparty\Build\BaseClasses\baseclasses.vcxproj", "{E8A3F6FA-AE1C-4C8E-A0B6-9C8480324EAA}"
EndProject
Project("{8BC9CEB8-8B4A-11D0-8D11-00A0C91BC942}") = "FFMS2", "Thirdparty\Build\FFMS2\ffms2.vcxproj", "{2CF8C7D2-55E5-4861-A58A-A79B84D0D9EA}"
EndProject
Project("{8BC9CEB8-8B4A-11D0-8D11-00A0C91BC942}") = "LuaJit", "Thirdparty\Build\LuaJit\LuaJit.vcxproj", "{BA804678-E98B-4026-8D33-A8C5263C669E}"
EndProject
Project("{8BC9CEB8-8B4A-11D0-8D11-00A0C91BC942}") = "Minilua", "Thirdparty\Build\Minilua\Minilua.vcxproj", "{325D093D-826B-4A7D-83C7-1CAD22911B9F}"
EndProject
Project("{8BC9CEB8-8B4A-11D0-8D11-00A0C91BC942}") = "Fribidi", "Thirdparty\Build\Fribidi\Fribidi.vcxproj", "{BC147FEB-91CB-4626-80FE-E310273F3346}"
EndProject
Project("{8BC9CEB8-8B4A-11D0-8D11-00A0C91BC942}") = "Avisynth", "AvisynthCore\AvisynthCore.vcxproj", "{2AC41F68-E271-4A29-9B99-1C1B27674C08}"
EndProject
Project("{8BC9CEB8-8B4A-11D0-8D11-00A0C91BC942}") = "base", "Thirdparty\Build\Base\base.vcxproj", "{3FCC50C2-81E9-5DB2-B8D8-2129427568B1}"
EndProject
Project("{8BC9CEB8-8B4A-11D0-8D11-00A0C91BC942}") = "core", "Thirdparty\Build\Core\core.vcxproj", "{6744DAD8-9C70-574A-BFF2-9F8DDDB24A75}"
EndProject
Project("{8BC9CEB8-8B4A-11D0-8D11-00A0C91BC942}") = "wxregex", "Thirdparty\Build\wxRegex\wxregex.vcxproj", "{56A4B526-BB81-5D01-AAA9-16D23BBB169D}"
EndProject
Project("{8BC9CEB8-8B4A-11D0-8D11-00A0C91BC942}") = "wxpng", "Thirdparty\Build\wxPng\wx_wxpng.vcxproj", "{8ACC122A-CA6A-5AA6-9C97-9CDD2E533DB0}"
EndProject
Project("{2150E333-8FDC-42A3-9474-1A3956D46DE8}") = "FfmpegSource2", "FfmpegSource2", "{00E94E47-E290-4A46-BB3C-31FC262363A1}"
EndProject
Project("{2150E333-8FDC-42A3-9474-1A3956D46DE8}") = "Libass Projects", "Libass Projects", "{882ACECD-558D-46CA-9286-A72DE3378C2F}"
EndProject
Project("{2150E333-8FDC-42A3-9474-1A3956D46DE8}") = "wxWidgets", "wxWidgets", "{2584153F-DE1E-4422-A987-6B763C1B7D7D}"
EndProject
Project("{2150E333-8FDC-42A3-9474-1A3956D46DE8}") = "Automation", "Automation", "{9A2DB7A6-9BDA-47E0-A447-4BA817660CC3}"
EndProject
Project("{2150E333-8FDC-42A3-9474-1A3956D46DE8}") = "Boost project", "Boost project", "{FFABD8CF-0268-4C0F-A786-0A214638FEB0}"
EndProject
Project("{2150E333-8FDC-42A3-9474-1A3956D46DE8}") = "Dependencies", "Dependencies", "{6AF07A55-70AA-4623-91C2-81BF006A7948}"
EndProject
Project("{2150E333-8FDC-42A3-9474-1A3956D46DE8}") = "xy VSfilter", "xy VSfilter", "{665B69AD-9722-4E39-A919-D2F08A929EDE}"
EndProject
Project("{8BC9CEB8-8B4A-11D0-8D11-00A0C91BC942}") = "Kasumi", "Thirdparty\xy-VSFilter-xy_sub_filter_rc5\src\thirdparty\VirtualDub\Kasumi\Kasumi.vcxproj", "{0D252872-7542-4232-8D02-53F9182AEE15}"
EndProject
Project("{8BC9CEB8-8B4A-11D0-8D11-00A0C91BC942}") = "system", "Thirdparty\xy-VSFilter-xy_sub_filter_rc5\src\thirdparty\VirtualDub\system\system.vcxproj", "{C2082189-3ECB-4079-91FA-89D3C8A305C0}"
EndProject
Project("{8BC9CEB8-8B4A-11D0-8D11-00A0C91BC942}") = "subtitles", "Thirdparty\xy-VSFilter-xy_sub_filter_rc5\src\subtitles\subtitles.vcxproj", "{5E56335F-0FB1-4EEA-B240-D8DC5E0608E4}"
EndProject
Project("{8BC9CEB8-8B4A-11D0-8D11-00A0C91BC942}") = "subpic", "Thirdparty\xy-VSFilter-xy_sub_filter_rc5\src\subpic\subpic.vcxproj", "{D514EA4D-EAFB-47A9-A437-A582CA571251}"
EndProject
Project("{8BC9CEB8-8B4A-11D0-8D11-00A0C91BC942}") = "vsfilter", "Thirdparty\xy-VSFilter-xy_sub_filter_rc5\src\filters\transform\vsfilter\VSFilter.vcxproj", "{530890F8-CBCB-4DAB-BEDF-9FB667D0AFEE}"
EndProject
Project("{8BC9CEB8-8B4A-11D0-8D11-00A0C91BC942}") = "dsutil", "Thirdparty\xy-VSFilter-xy_sub_filter_rc5\src\dsutil\dsutil.vcxproj", "{FC70988B-1AE5-4381-866D-4F405E28AC42}"
EndProject
Project("{8BC9CEB8-8B4A-11D0-8D11-00A0C91BC942}") = "libssf", "Thirdparty\xy-VSFilter-xy_sub_filter_rc5\src\subtitles\libssf\libssf.vcxproj", "{DD9D2D92-2241-408A-859E-B85D444B7E3C}"
EndProject
Project("{8BC9CEB8-8B4A-11D0-8D11-00A0C91BC942}") = "libhunspell", "Thirdparty\Hunspell\msvc\libhunspell.vcxproj", "{53609BB3-D874-465C-AF7B-DF626DB0D89B}"
EndProject
Project("{8BC9CEB8-8B4A-11D0-8D11-00A0C91BC942}") = "GFFT", "Thirdparty\Build\Loki\Loki.vcxproj", "{6003006D-B682-487E-B386-6C66B7E45F5E}"
EndProject
Project("{8BC9CEB8-8B4A-11D0-8D11-00A0C91BC942}") = "BadMutex", "Thirdparty\DependencyControl\bad-mutex\BadMutex\BadMutex\BadMutex.vcxproj", "{ED5DE88C-FF97-4C48-B212-68AE97777CE4}"
EndProject
Project("{8BC9CEB8-8B4A-11D0-8D11-00A0C91BC942}") = "PreciseTimer", "Thirdparty\DependencyControl\precise-timer\PreciseTimer\PreciseTimer\PreciseTimer.vcxproj", "{A1D72CE9-26BC-492E-BFA2-06454C581CC6}"
EndProject
Project("{2150E333-8FDC-42A3-9474-1A3956D46DE8}") = "Dependency Control", "Dependency Control", "{8AF306F3-19C2-4B2B-AF9B-D3362AE9D13B}"
EndProject
Project("{8BC9CEB8-8B4A-11D0-8D11-00A0C91BC942}") = "DownloadManager", "Thirdparty\DependencyControl\threaded-libcurl\DownloadManager\DownloadManager\DownloadManager.vcxproj", "{C5C0D3AC-E6C0-4DB9-B08D-6D8909C8A847}"
EndProject
Project("{8BC9CEB8-8B4A-11D0-8D11-00A0C91BC942}") = "Curl", "Thirdparty\Build\Curl\Curl\Curl.vcxproj", "{7EE5840D-0B07-49C4-808D-526BAD3B3E86}"
EndProject
Global
	GlobalSection(SolutionConfigurationPlatforms) = preSolution
		Debug|x64 = Debug|x64
		Debug|x86 = Debug|x86
		Rel_AVX|x64 = Rel_AVX|x64
		Rel_AVX|x86 = Rel_AVX|x86
		Rel_AVX2|x64 = Rel_AVX2|x64
		Rel_AVX2|x86 = Rel_AVX2|x86
		Rel_AVX512|x64 = Rel_AVX512|x64
		Rel_AVX512|x86 = Rel_AVX512|x86
		Release|x64 = Release|x64
		Release|x86 = Release|x86
	EndGlobalSection
	GlobalSection(ProjectConfigurationPlatforms) = postSolution
		{180DEA91-88AF-4FEB-8B82-7F3716E118BB}.Debug|x64.ActiveCfg = Debug|x64
		{180DEA91-88AF-4FEB-8B82-7F3716E118BB}.Debug|x64.Build.0 = Debug|x64
		{180DEA91-88AF-4FEB-8B82-7F3716E118BB}.Debug|x86.ActiveCfg = Debug|Win32
		{180DEA91-88AF-4FEB-8B82-7F3716E118BB}.Debug|x86.Build.0 = Debug|Win32
		{180DEA91-88AF-4FEB-8B82-7F3716E118BB}.Rel_AVX|x64.ActiveCfg = Rel_AVX512|x64
		{180DEA91-88AF-4FEB-8B82-7F3716E118BB}.Rel_AVX|x64.Build.0 = Rel_AVX512|x64
		{180DEA91-88AF-4FEB-8B82-7F3716E118BB}.Rel_AVX|x86.ActiveCfg = Rel_AVX|Win32
		{180DEA91-88AF-4FEB-8B82-7F3716E118BB}.Rel_AVX|x86.Build.0 = Rel_AVX|Win32
		{180DEA91-88AF-4FEB-8B82-7F3716E118BB}.Rel_AVX2|x64.ActiveCfg = Rel_AVX2|x64
		{180DEA91-88AF-4FEB-8B82-7F3716E118BB}.Rel_AVX2|x64.Build.0 = Rel_AVX2|x64
		{180DEA91-88AF-4FEB-8B82-7F3716E118BB}.Rel_AVX2|x86.ActiveCfg = Rel_AVX2|Win32
		{180DEA91-88AF-4FEB-8B82-7F3716E118BB}.Rel_AVX2|x86.Build.0 = Rel_AVX2|Win32
		{180DEA91-88AF-4FEB-8B82-7F3716E118BB}.Rel_AVX512|x64.ActiveCfg = Rel_AVX512|x64
		{180DEA91-88AF-4FEB-8B82-7F3716E118BB}.Rel_AVX512|x64.Build.0 = Rel_AVX512|x64
		{180DEA91-88AF-4FEB-8B82-7F3716E118BB}.Rel_AVX512|x86.ActiveCfg = Rel_AVX512|Win32
		{180DEA91-88AF-4FEB-8B82-7F3716E118BB}.Rel_AVX512|x86.Build.0 = Rel_AVX512|Win32
		{180DEA91-88AF-4FEB-8B82-7F3716E118BB}.Release|x64.ActiveCfg = Release|x64
		{180DEA91-88AF-4FEB-8B82-7F3716E118BB}.Release|x64.Build.0 = Release|x64
		{180DEA91-88AF-4FEB-8B82-7F3716E118BB}.Release|x86.ActiveCfg = Release|Win32
		{180DEA91-88AF-4FEB-8B82-7F3716E118BB}.Release|x86.Build.0 = Release|Win32
		{9F3CC443-D4EB-43E6-8263-8448F731489F}.Debug|x64.ActiveCfg = Debug|x64
		{9F3CC443-D4EB-43E6-8263-8448F731489F}.Debug|x64.Build.0 = Debug|x64
		{9F3CC443-D4EB-43E6-8263-8448F731489F}.Debug|x86.ActiveCfg = Debug|Win32
		{9F3CC443-D4EB-43E6-8263-8448F731489F}.Debug|x86.Build.0 = Debug|Win32
		{9F3CC443-D4EB-43E6-8263-8448F731489F}.Rel_AVX|x64.ActiveCfg = Rel_AVX512|x64
		{9F3CC443-D4EB-43E6-8263-8448F731489F}.Rel_AVX|x64.Build.0 = Rel_AVX512|x64
		{9F3CC443-D4EB-43E6-8263-8448F731489F}.Rel_AVX|x86.ActiveCfg = Rel_AVX|Win32
		{9F3CC443-D4EB-43E6-8263-8448F731489F}.Rel_AVX|x86.Build.0 = Rel_AVX|Win32
		{9F3CC443-D4EB-43E6-8263-8448F731489F}.Rel_AVX2|x64.ActiveCfg = Rel_AVX2|x64
		{9F3CC443-D4EB-43E6-8263-8448F731489F}.Rel_AVX2|x64.Build.0 = Rel_AVX2|x64
		{9F3CC443-D4EB-43E6-8263-8448F731489F}.Rel_AVX2|x86.ActiveCfg = Rel_AVX2|Win32
		{9F3CC443-D4EB-43E6-8263-8448F731489F}.Rel_AVX2|x86.Build.0 = Rel_AVX2|Win32
		{9F3CC443-D4EB-43E6-8263-8448F731489F}.Rel_AVX512|x64.ActiveCfg = Rel_AVX512|x64
		{9F3CC443-D4EB-43E6-8263-8448F731489F}.Rel_AVX512|x64.Build.0 = Rel_AVX512|x64
		{9F3CC443-D4EB-43E6-8263-8448F731489F}.Rel_AVX512|x86.ActiveCfg = Rel_AVX512|Win32
		{9F3CC443-D4EB-43E6-8263-8448F731489F}.Rel_AVX512|x86.Build.0 = Rel_AVX512|Win32
		{9F3CC443-D4EB-43E6-8263-8448F731489F}.Release|x64.ActiveCfg = Release|x64
		{9F3CC443-D4EB-43E6-8263-8448F731489F}.Release|x64.Build.0 = Release|x64
		{9F3CC443-D4EB-43E6-8263-8448F731489F}.Release|x86.ActiveCfg = Release|Win32
		{9F3CC443-D4EB-43E6-8263-8448F731489F}.Release|x86.Build.0 = Release|Win32
		{7D76113C-59DD-42AC-8783-A1E5034E58AA}.Debug|x64.ActiveCfg = Debug|x64
		{7D76113C-59DD-42AC-8783-A1E5034E58AA}.Debug|x64.Build.0 = Debug|x64
		{7D76113C-59DD-42AC-8783-A1E5034E58AA}.Debug|x86.ActiveCfg = Debug|x64
		{7D76113C-59DD-42AC-8783-A1E5034E58AA}.Rel_AVX|x64.ActiveCfg = Rel_AVX512|x64
		{7D76113C-59DD-42AC-8783-A1E5034E58AA}.Rel_AVX|x64.Build.0 = Rel_AVX512|x64
		{7D76113C-59DD-42AC-8783-A1E5034E58AA}.Rel_AVX|x86.ActiveCfg = Rel_AVX|x64
		{7D76113C-59DD-42AC-8783-A1E5034E58AA}.Rel_AVX2|x64.ActiveCfg = Rel_AVX2|x64
		{7D76113C-59DD-42AC-8783-A1E5034E58AA}.Rel_AVX2|x64.Build.0 = Rel_AVX2|x64
		{7D76113C-59DD-42AC-8783-A1E5034E58AA}.Rel_AVX2|x86.ActiveCfg = Rel_AVX2|x64
		{7D76113C-59DD-42AC-8783-A1E5034E58AA}.Rel_AVX512|x64.ActiveCfg = Rel_AVX512|x64
		{7D76113C-59DD-42AC-8783-A1E5034E58AA}.Rel_AVX512|x64.Build.0 = Rel_AVX512|x64
		{7D76113C-59DD-42AC-8783-A1E5034E58AA}.Rel_AVX512|x86.ActiveCfg = Rel_AVX512|Win32
		{7D76113C-59DD-42AC-8783-A1E5034E58AA}.Rel_AVX512|x86.Build.0 = Rel_AVX512|Win32
		{7D76113C-59DD-42AC-8783-A1E5034E58AA}.Release|x64.ActiveCfg = Release|x64
		{7D76113C-59DD-42AC-8783-A1E5034E58AA}.Release|x64.Build.0 = Release|x64
		{7D76113C-59DD-42AC-8783-A1E5034E58AA}.Release|x86.ActiveCfg = Release|Win32
		{7D76113C-59DD-42AC-8783-A1E5034E58AA}.Release|x86.Build.0 = Release|Win32
		{E0F14C76-4D63-4A46-8ADD-68C112018BB3}.Debug|x64.ActiveCfg = Debug|x64
		{E0F14C76-4D63-4A46-8ADD-68C112018BB3}.Debug|x64.Build.0 = Debug|x64
		{E0F14C76-4D63-4A46-8ADD-68C112018BB3}.Debug|x86.ActiveCfg = Debug|x64
		{E0F14C76-4D63-4A46-8ADD-68C112018BB3}.Rel_AVX|x64.ActiveCfg = Rel_AVX512|x64
		{E0F14C76-4D63-4A46-8ADD-68C112018BB3}.Rel_AVX|x64.Build.0 = Rel_AVX512|x64
		{E0F14C76-4D63-4A46-8ADD-68C112018BB3}.Rel_AVX|x86.ActiveCfg = Rel_AVX|Win32
		{E0F14C76-4D63-4A46-8ADD-68C112018BB3}.Rel_AVX|x86.Build.0 = Rel_AVX|Win32
		{E0F14C76-4D63-4A46-8ADD-68C112018BB3}.Rel_AVX2|x64.ActiveCfg = Rel_AVX2|x64
		{E0F14C76-4D63-4A46-8ADD-68C112018BB3}.Rel_AVX2|x64.Build.0 = Rel_AVX2|x64
		{E0F14C76-4D63-4A46-8ADD-68C112018BB3}.Rel_AVX2|x86.ActiveCfg = Rel_AVX2|Win32
		{E0F14C76-4D63-4A46-8ADD-68C112018BB3}.Rel_AVX2|x86.Build.0 = Rel_AVX2|Win32
		{E0F14C76-4D63-4A46-8ADD-68C112018BB3}.Rel_AVX512|x64.ActiveCfg = Rel_AVX512|x64
		{E0F14C76-4D63-4A46-8ADD-68C112018BB3}.Rel_AVX512|x64.Build.0 = Rel_AVX512|x64
		{E0F14C76-4D63-4A46-8ADD-68C112018BB3}.Rel_AVX512|x86.ActiveCfg = Rel_AVX512|Win32
		{E0F14C76-4D63-4A46-8ADD-68C112018BB3}.Rel_AVX512|x86.Build.0 = Rel_AVX512|Win32
		{E0F14C76-4D63-4A46-8ADD-68C112018BB3}.Release|x64.ActiveCfg = Release|x64
		{E0F14C76-4D63-4A46-8ADD-68C112018BB3}.Release|x64.Build.0 = Release|x64
		{E0F14C76-4D63-4A46-8ADD-68C112018BB3}.Release|x86.ActiveCfg = Release|win32
		{E0F14C76-4D63-4A46-8ADD-68C112018BB3}.Release|x86.Build.0 = Release|win32
		{AF5CD8A9-C5DC-4780-BA28-5ED5EF9A3536}.Debug|x64.ActiveCfg = Debug|x64
		{AF5CD8A9-C5DC-4780-BA28-5ED5EF9A3536}.Debug|x64.Build.0 = Debug|x64
		{AF5CD8A9-C5DC-4780-BA28-5ED5EF9A3536}.Debug|x86.ActiveCfg = Debug|x64
		{AF5CD8A9-C5DC-4780-BA28-5ED5EF9A3536}.Rel_AVX|x64.ActiveCfg = Rel_AVX512|x64
		{AF5CD8A9-C5DC-4780-BA28-5ED5EF9A3536}.Rel_AVX|x64.Build.0 = Rel_AVX512|x64
		{AF5CD8A9-C5DC-4780-BA28-5ED5EF9A3536}.Rel_AVX|x86.ActiveCfg = Rel_AVX|Win32
		{AF5CD8A9-C5DC-4780-BA28-5ED5EF9A3536}.Rel_AVX|x86.Build.0 = Rel_AVX|Win32
		{AF5CD8A9-C5DC-4780-BA28-5ED5EF9A3536}.Rel_AVX2|x64.ActiveCfg = Rel_AVX2|x64
		{AF5CD8A9-C5DC-4780-BA28-5ED5EF9A3536}.Rel_AVX2|x64.Build.0 = Rel_AVX2|x64
		{AF5CD8A9-C5DC-4780-BA28-5ED5EF9A3536}.Rel_AVX2|x86.ActiveCfg = Rel_AVX2|Win32
		{AF5CD8A9-C5DC-4780-BA28-5ED5EF9A3536}.Rel_AVX2|x86.Build.0 = Rel_AVX2|Win32
		{AF5CD8A9-C5DC-4780-BA28-5ED5EF9A3536}.Rel_AVX512|x64.ActiveCfg = Rel_AVX512|x64
		{AF5CD8A9-C5DC-4780-BA28-5ED5EF9A3536}.Rel_AVX512|x64.Build.0 = Rel_AVX512|x64
		{AF5CD8A9-C5DC-4780-BA28-5ED5EF9A3536}.Rel_AVX512|x86.ActiveCfg = Rel_AVX512|Win32
		{AF5CD8A9-C5DC-4780-BA28-5ED5EF9A3536}.Rel_AVX512|x86.Build.0 = Rel_AVX512|Win32
		{AF5CD8A9-C5DC-4780-BA28-5ED5EF9A3536}.Release|x64.ActiveCfg = Release|x64
		{AF5CD8A9-C5DC-4780-BA28-5ED5EF9A3536}.Release|x64.Build.0 = Release|x64
		{AF5CD8A9-C5DC-4780-BA28-5ED5EF9A3536}.Release|x86.ActiveCfg = Release|Win32
		{AF5CD8A9-C5DC-4780-BA28-5ED5EF9A3536}.Release|x86.Build.0 = Release|Win32
		{C91E1D87-614C-47E8-9587-393568D41738}.Debug|x64.ActiveCfg = Debug|x64
		{C91E1D87-614C-47E8-9587-393568D41738}.Debug|x64.Build.0 = Debug|x64
		{C91E1D87-614C-47E8-9587-393568D41738}.Debug|x86.ActiveCfg = Debug|x64
		{C91E1D87-614C-47E8-9587-393568D41738}.Rel_AVX|x64.ActiveCfg = Rel_AVX512|x64
		{C91E1D87-614C-47E8-9587-393568D41738}.Rel_AVX|x64.Build.0 = Rel_AVX512|x64
		{C91E1D87-614C-47E8-9587-393568D41738}.Rel_AVX|x86.ActiveCfg = Rel_AVX|x64
		{C91E1D87-614C-47E8-9587-393568D41738}.Rel_AVX2|x64.ActiveCfg = Rel_AVX2|x64
		{C91E1D87-614C-47E8-9587-393568D41738}.Rel_AVX2|x64.Build.0 = Rel_AVX2|x64
		{C91E1D87-614C-47E8-9587-393568D41738}.Rel_AVX2|x86.ActiveCfg = Rel_AVX2|x64
		{C91E1D87-614C-47E8-9587-393568D41738}.Rel_AVX512|x64.ActiveCfg = Rel_AVX512|x64
		{C91E1D87-614C-47E8-9587-393568D41738}.Rel_AVX512|x64.Build.0 = Rel_AVX512|x64
		{C91E1D87-614C-47E8-9587-393568D41738}.Rel_AVX512|x86.ActiveCfg = Rel_AVX512|Win32
		{C91E1D87-614C-47E8-9587-393568D41738}.Rel_AVX512|x86.Build.0 = Rel_AVX512|Win32
		{C91E1D87-614C-47E8-9587-393568D41738}.Release|x64.ActiveCfg = Release|x64
		{C91E1D87-614C-47E8-9587-393568D41738}.Release|x64.Build.0 = Release|x64
		{C91E1D87-614C-47E8-9587-393568D41738}.Release|x86.ActiveCfg = Release|Win32
		{C91E1D87-614C-47E8-9587-393568D41738}.Release|x86.Build.0 = Release|Win32
		{F6C48ACA-C78D-450F-8059-010BBBA12137}.Debug|x64.ActiveCfg = Debug|x64
		{F6C48ACA-C78D-450F-8059-010BBBA12137}.Debug|x64.Build.0 = Debug|x64
		{F6C48ACA-C78D-450F-8059-010BBBA12137}.Debug|x86.ActiveCfg = Debug|x64
		{F6C48ACA-C78D-450F-8059-010BBBA12137}.Rel_AVX|x64.ActiveCfg = Release|x64
		{F6C48ACA-C78D-450F-8059-010BBBA12137}.Rel_AVX|x64.Build.0 = Release|x64
		{F6C48ACA-C78D-450F-8059-010BBBA12137}.Rel_AVX|x86.ActiveCfg = Rel_AVX|x64
		{F6C48ACA-C78D-450F-8059-010BBBA12137}.Rel_AVX2|x64.ActiveCfg = Rel_AVX2|x64
		{F6C48ACA-C78D-450F-8059-010BBBA12137}.Rel_AVX2|x64.Build.0 = Rel_AVX2|x64
		{F6C48ACA-C78D-450F-8059-010BBBA12137}.Rel_AVX2|x86.ActiveCfg = Rel_AVX2|x64
		{F6C48ACA-C78D-450F-8059-010BBBA12137}.Rel_AVX512|x64.ActiveCfg = Rel_AVX2|x64
		{F6C48ACA-C78D-450F-8059-010BBBA12137}.Rel_AVX512|x64.Build.0 = Rel_AVX2|x64
		{F6C48ACA-C78D-450F-8059-010BBBA12137}.Rel_AVX512|x86.ActiveCfg = Rel_AVX512|Win32
		{F6C48ACA-C78D-450F-8059-010BBBA12137}.Rel_AVX512|x86.Build.0 = Rel_AVX512|Win32
		{F6C48ACA-C78D-450F-8059-010BBBA12137}.Release|x64.ActiveCfg = Release|x64
		{F6C48ACA-C78D-450F-8059-010BBBA12137}.Release|x64.Build.0 = Release|x64
		{F6C48ACA-C78D-450F-8059-010BBBA12137}.Release|x86.ActiveCfg = Release|Win32
		{F6C48ACA-C78D-450F-8059-010BBBA12137}.Release|x86.Build.0 = Release|Win32
		{56E35122-0B51-43D4-A721-472F2F956E0F}.Debug|x64.ActiveCfg = Debug|x64
		{56E35122-0B51-43D4-A721-472F2F956E0F}.Debug|x64.Build.0 = Debug|x64
		{56E35122-0B51-43D4-A721-472F2F956E0F}.Debug|x86.ActiveCfg = Debug|x64
		{56E35122-0B51-43D4-A721-472F2F956E0F}.Rel_AVX|x64.ActiveCfg = Rel_AVX512|x64
		{56E35122-0B51-43D4-A721-472F2F956E0F}.Rel_AVX|x64.Build.0 = Rel_AVX512|x64
		{56E35122-0B51-43D4-A721-472F2F956E0F}.Rel_AVX|x86.ActiveCfg = Rel_AVX|x64
		{56E35122-0B51-43D4-A721-472F2F956E0F}.Rel_AVX2|x64.ActiveCfg = Rel_AVX2|x64
		{56E35122-0B51-43D4-A721-472F2F956E0F}.Rel_AVX2|x64.Build.0 = Rel_AVX2|x64
		{56E35122-0B51-43D4-A721-472F2F956E0F}.Rel_AVX2|x86.ActiveCfg = Rel_AVX2|x64
		{56E35122-0B51-43D4-A721-472F2F956E0F}.Rel_AVX512|x64.ActiveCfg = Rel_AVX512|x64
		{56E35122-0B51-43D4-A721-472F2F956E0F}.Rel_AVX512|x64.Build.0 = Rel_AVX512|x64
		{56E35122-0B51-43D4-A721-472F2F956E0F}.Rel_AVX512|x86.ActiveCfg = Rel_AVX512|Win32
		{56E35122-0B51-43D4-A721-472F2F956E0F}.Rel_AVX512|x86.Build.0 = Rel_AVX512|Win32
		{56E35122-0B51-43D4-A721-472F2F956E0F}.Release|x64.ActiveCfg = Release|x64
		{56E35122-0B51-43D4-A721-472F2F956E0F}.Release|x64.Build.0 = Release|x64
		{56E35122-0B51-43D4-A721-472F2F956E0F}.Release|x86.ActiveCfg = Release|Win32
		{56E35122-0B51-43D4-A721-472F2F956E0F}.Release|x86.Build.0 = Release|Win32
		{DD6C83B0-C8E0-4C46-BFCE-C758B31904B1}.Debug|x64.ActiveCfg = Debug|x64
		{DD6C83B0-C8E0-4C46-BFCE-C758B31904B1}.Debug|x64.Build.0 = Debug|x64
		{DD6C83B0-C8E0-4C46-BFCE-C758B31904B1}.Debug|x86.ActiveCfg = Debug|x64
		{DD6C83B0-C8E0-4C46-BFCE-C758B31904B1}.Rel_AVX|x64.ActiveCfg = Rel_AVX512|x64
		{DD6C83B0-C8E0-4C46-BFCE-C758B31904B1}.Rel_AVX|x64.Build.0 = Rel_AVX512|x64
		{DD6C83B0-C8E0-4C46-BFCE-C758B31904B1}.Rel_AVX|x86.ActiveCfg = Rel_AVX|x64
		{DD6C83B0-C8E0-4C46-BFCE-C758B31904B1}.Rel_AVX2|x64.ActiveCfg = Rel_AVX2|x64
		{DD6C83B0-C8E0-4C46-BFCE-C758B31904B1}.Rel_AVX2|x64.Build.0 = Rel_AVX2|x64
		{DD6C83B0-C8E0-4C46-BFCE-C758B31904B1}.Rel_AVX2|x86.ActiveCfg = Rel_AVX2|x64
		{DD6C83B0-C8E0-4C46-BFCE-C758B31904B1}.Rel_AVX512|x64.ActiveCfg = Rel_AVX512|x64
		{DD6C83B0-C8E0-4C46-BFCE-C758B31904B1}.Rel_AVX512|x64.Build.0 = Rel_AVX512|x64
		{DD6C83B0-C8E0-4C46-BFCE-C758B31904B1}.Rel_AVX512|x86.ActiveCfg = Rel_AVX512|Win32
		{DD6C83B0-C8E0-4C46-BFCE-C758B31904B1}.Rel_AVX512|x86.Build.0 = Rel_AVX512|Win32
		{DD6C83B0-C8E0-4C46-BFCE-C758B31904B1}.Release|x64.ActiveCfg = Release|x64
		{DD6C83B0-C8E0-4C46-BFCE-C758B31904B1}.Release|x64.Build.0 = Release|x64
		{DD6C83B0-C8E0-4C46-BFCE-C758B31904B1}.Release|x86.ActiveCfg = Release|Win32
		{DD6C83B0-C8E0-4C46-BFCE-C758B31904B1}.Release|x86.Build.0 = Release|Win32
		{E8A3F6FA-AE1C-4C8E-A0B6-9C8480324EAA}.Debug|x64.ActiveCfg = Debug|x64
		{E8A3F6FA-AE1C-4C8E-A0B6-9C8480324EAA}.Debug|x64.Build.0 = Debug|x64
		{E8A3F6FA-AE1C-4C8E-A0B6-9C8480324EAA}.Debug|x86.ActiveCfg = Debug|x64
		{E8A3F6FA-AE1C-4C8E-A0B6-9C8480324EAA}.Debug|x86.Build.0 = Debug|x64
		{E8A3F6FA-AE1C-4C8E-A0B6-9C8480324EAA}.Rel_AVX|x64.ActiveCfg = Rel_AVX512|x64
		{E8A3F6FA-AE1C-4C8E-A0B6-9C8480324EAA}.Rel_AVX|x64.Build.0 = Rel_AVX512|x64
		{E8A3F6FA-AE1C-4C8E-A0B6-9C8480324EAA}.Rel_AVX|x86.ActiveCfg = Rel_AVX|x64
		{E8A3F6FA-AE1C-4C8E-A0B6-9C8480324EAA}.Rel_AVX|x86.Build.0 = Rel_AVX|x64
		{E8A3F6FA-AE1C-4C8E-A0B6-9C8480324EAA}.Rel_AVX2|x64.ActiveCfg = Rel_AVX2|x64
		{E8A3F6FA-AE1C-4C8E-A0B6-9C8480324EAA}.Rel_AVX2|x64.Build.0 = Rel_AVX2|x64
		{E8A3F6FA-AE1C-4C8E-A0B6-9C8480324EAA}.Rel_AVX2|x86.ActiveCfg = Rel_AVX2|x64
		{E8A3F6FA-AE1C-4C8E-A0B6-9C8480324EAA}.Rel_AVX2|x86.Build.0 = Rel_AVX2|x64
		{E8A3F6FA-AE1C-4C8E-A0B6-9C8480324EAA}.Rel_AVX512|x64.ActiveCfg = Rel_AVX512|x64
		{E8A3F6FA-AE1C-4C8E-A0B6-9C8480324EAA}.Rel_AVX512|x64.Build.0 = Rel_AVX512|x64
		{E8A3F6FA-AE1C-4C8E-A0B6-9C8480324EAA}.Rel_AVX512|x86.ActiveCfg = Rel_AVX2|x64
		{E8A3F6FA-AE1C-4C8E-A0B6-9C8480324EAA}.Release|x64.ActiveCfg = Release|x64
		{E8A3F6FA-AE1C-4C8E-A0B6-9C8480324EAA}.Release|x64.Build.0 = Release|x64
		{E8A3F6FA-AE1C-4C8E-A0B6-9C8480324EAA}.Release|x86.ActiveCfg = Release|Win32
		{E8A3F6FA-AE1C-4C8E-A0B6-9C8480324EAA}.Release|x86.Build.0 = Release|Win32
		{2CF8C7D2-55E5-4861-A58A-A79B84D0D9EA}.Debug|x64.ActiveCfg = Debug|x64
		{2CF8C7D2-55E5-4861-A58A-A79B84D0D9EA}.Debug|x64.Build.0 = Debug|x64
		{2CF8C7D2-55E5-4861-A58A-A79B84D0D9EA}.Debug|x86.ActiveCfg = Debug|x64
		{2CF8C7D2-55E5-4861-A58A-A79B84D0D9EA}.Debug|x86.Build.0 = Debug|x64
		{2CF8C7D2-55E5-4861-A58A-A79B84D0D9EA}.Rel_AVX|x64.ActiveCfg = Rel_AVX512|x64
		{2CF8C7D2-55E5-4861-A58A-A79B84D0D9EA}.Rel_AVX|x64.Build.0 = Rel_AVX512|x64
		{2CF8C7D2-55E5-4861-A58A-A79B84D0D9EA}.Rel_AVX|x86.ActiveCfg = Rel_AVX|x64
		{2CF8C7D2-55E5-4861-A58A-A79B84D0D9EA}.Rel_AVX|x86.Build.0 = Rel_AVX|x64
		{2CF8C7D2-55E5-4861-A58A-A79B84D0D9EA}.Rel_AVX2|x64.ActiveCfg = Rel_AVX2|x64
		{2CF8C7D2-55E5-4861-A58A-A79B84D0D9EA}.Rel_AVX2|x64.Build.0 = Rel_AVX2|x64
		{2CF8C7D2-55E5-4861-A58A-A79B84D0D9EA}.Rel_AVX2|x86.ActiveCfg = Rel_AVX2|x64
		{2CF8C7D2-55E5-4861-A58A-A79B84D0D9EA}.Rel_AVX2|x86.Build.0 = Rel_AVX2|x64
		{2CF8C7D2-55E5-4861-A58A-A79B84D0D9EA}.Rel_AVX512|x64.ActiveCfg = Rel_AVX512|x64
		{2CF8C7D2-55E5-4861-A58A-A79B84D0D9EA}.Rel_AVX512|x64.Build.0 = Rel_AVX512|x64
		{2CF8C7D2-55E5-4861-A58A-A79B84D0D9EA}.Rel_AVX512|x86.ActiveCfg = Rel_AVX512|x64
		{2CF8C7D2-55E5-4861-A58A-A79B84D0D9EA}.Rel_AVX512|x86.Build.0 = Rel_AVX512|x64
		{2CF8C7D2-55E5-4861-A58A-A79B84D0D9EA}.Release|x64.ActiveCfg = Release|x64
		{2CF8C7D2-55E5-4861-A58A-A79B84D0D9EA}.Release|x64.Build.0 = Release|x64
		{2CF8C7D2-55E5-4861-A58A-A79B84D0D9EA}.Release|x86.ActiveCfg = Release|Win32
		{2CF8C7D2-55E5-4861-A58A-A79B84D0D9EA}.Release|x86.Build.0 = Release|Win32
		{BA804678-E98B-4026-8D33-A8C5263C669E}.Debug|x64.ActiveCfg = Debug|x64
		{BA804678-E98B-4026-8D33-A8C5263C669E}.Debug|x64.Build.0 = Debug|x64
		{BA804678-E98B-4026-8D33-A8C5263C669E}.Debug|x86.ActiveCfg = Debug|x64
		{BA804678-E98B-4026-8D33-A8C5263C669E}.Rel_AVX|x64.ActiveCfg = Release|x64
		{BA804678-E98B-4026-8D33-A8C5263C669E}.Rel_AVX|x64.Build.0 = Release|x64
		{BA804678-E98B-4026-8D33-A8C5263C669E}.Rel_AVX|x86.ActiveCfg = Rel_AVX|x64
		{BA804678-E98B-4026-8D33-A8C5263C669E}.Rel_AVX2|x64.ActiveCfg = Rel_AVX2|x64
		{BA804678-E98B-4026-8D33-A8C5263C669E}.Rel_AVX2|x64.Build.0 = Rel_AVX2|x64
		{BA804678-E98B-4026-8D33-A8C5263C669E}.Rel_AVX2|x86.ActiveCfg = Rel_AVX2|x64
		{BA804678-E98B-4026-8D33-A8C5263C669E}.Rel_AVX512|x64.ActiveCfg = Rel_AVX2|x64
		{BA804678-E98B-4026-8D33-A8C5263C669E}.Rel_AVX512|x64.Build.0 = Rel_AVX2|x64
		{BA804678-E98B-4026-8D33-A8C5263C669E}.Rel_AVX512|x86.ActiveCfg = Rel_AVX512|Win32
		{BA804678-E98B-4026-8D33-A8C5263C669E}.Rel_AVX512|x86.Build.0 = Rel_AVX512|Win32
		{BA804678-E98B-4026-8D33-A8C5263C669E}.Release|x64.ActiveCfg = Release|x64
		{BA804678-E98B-4026-8D33-A8C5263C669E}.Release|x64.Build.0 = Release|x64
		{BA804678-E98B-4026-8D33-A8C5263C669E}.Release|x86.ActiveCfg = Release|Win32
		{BA804678-E98B-4026-8D33-A8C5263C669E}.Release|x86.Build.0 = Release|Win32
		{325D093D-826B-4A7D-83C7-1CAD22911B9F}.Debug|x64.ActiveCfg = Debug|x64
		{325D093D-826B-4A7D-83C7-1CAD22911B9F}.Debug|x64.Build.0 = Debug|x64
		{325D093D-826B-4A7D-83C7-1CAD22911B9F}.Debug|x86.ActiveCfg = Debug|x64
		{325D093D-826B-4A7D-83C7-1CAD22911B9F}.Rel_AVX|x64.ActiveCfg = Release|x64
		{325D093D-826B-4A7D-83C7-1CAD22911B9F}.Rel_AVX|x64.Build.0 = Release|x64
		{325D093D-826B-4A7D-83C7-1CAD22911B9F}.Rel_AVX|x86.ActiveCfg = Rel_AVX|x64
		{325D093D-826B-4A7D-83C7-1CAD22911B9F}.Rel_AVX2|x64.ActiveCfg = Rel_AVX2|x64
		{325D093D-826B-4A7D-83C7-1CAD22911B9F}.Rel_AVX2|x64.Build.0 = Rel_AVX2|x64
		{325D093D-826B-4A7D-83C7-1CAD22911B9F}.Rel_AVX2|x86.ActiveCfg = Rel_AVX2|x64
		{325D093D-826B-4A7D-83C7-1CAD22911B9F}.Rel_AVX512|x64.ActiveCfg = Rel_AVX2|x64
		{325D093D-826B-4A7D-83C7-1CAD22911B9F}.Rel_AVX512|x64.Build.0 = Rel_AVX2|x64
		{325D093D-826B-4A7D-83C7-1CAD22911B9F}.Rel_AVX512|x86.ActiveCfg = Rel_AVX512|Win32
		{325D093D-826B-4A7D-83C7-1CAD22911B9F}.Rel_AVX512|x86.Build.0 = Rel_AVX512|Win32
		{325D093D-826B-4A7D-83C7-1CAD22911B9F}.Release|x64.ActiveCfg = Release|x64
		{325D093D-826B-4A7D-83C7-1CAD22911B9F}.Release|x64.Build.0 = Release|x64
		{325D093D-826B-4A7D-83C7-1CAD22911B9F}.Release|x86.ActiveCfg = Release|Win32
		{325D093D-826B-4A7D-83C7-1CAD22911B9F}.Release|x86.Build.0 = Release|Win32
		{BC147FEB-91CB-4626-80FE-E310273F3346}.Debug|x64.ActiveCfg = Debug|x64
		{BC147FEB-91CB-4626-80FE-E310273F3346}.Debug|x64.Build.0 = Debug|x64
		{BC147FEB-91CB-4626-80FE-E310273F3346}.Debug|x86.ActiveCfg = Debug|x64
		{BC147FEB-91CB-4626-80FE-E310273F3346}.Rel_AVX|x64.ActiveCfg = Rel_AVX512|x64
		{BC147FEB-91CB-4626-80FE-E310273F3346}.Rel_AVX|x64.Build.0 = Rel_AVX512|x64
		{BC147FEB-91CB-4626-80FE-E310273F3346}.Rel_AVX|x86.ActiveCfg = Rel_AVX|x64
		{BC147FEB-91CB-4626-80FE-E310273F3346}.Rel_AVX2|x64.ActiveCfg = Rel_AVX2|x64
		{BC147FEB-91CB-4626-80FE-E310273F3346}.Rel_AVX2|x64.Build.0 = Rel_AVX2|x64
		{BC147FEB-91CB-4626-80FE-E310273F3346}.Rel_AVX2|x86.ActiveCfg = Rel_AVX2|x64
		{BC147FEB-91CB-4626-80FE-E310273F3346}.Rel_AVX512|x64.ActiveCfg = Rel_AVX512|x64
		{BC147FEB-91CB-4626-80FE-E310273F3346}.Rel_AVX512|x64.Build.0 = Rel_AVX512|x64
		{BC147FEB-91CB-4626-80FE-E310273F3346}.Rel_AVX512|x86.ActiveCfg = Rel_AVX512|Win32
		{BC147FEB-91CB-4626-80FE-E310273F3346}.Rel_AVX512|x86.Build.0 = Rel_AVX512|Win32
		{BC147FEB-91CB-4626-80FE-E310273F3346}.Release|x64.ActiveCfg = Release|x64
		{BC147FEB-91CB-4626-80FE-E310273F3346}.Release|x64.Build.0 = Release|x64
		{BC147FEB-91CB-4626-80FE-E310273F3346}.Release|x86.ActiveCfg = Release|Win32
		{BC147FEB-91CB-4626-80FE-E310273F3346}.Release|x86.Build.0 = Release|Win32
		{2AC41F68-E271-4A29-9B99-1C1B27674C08}.Debug|x64.ActiveCfg = Debug|x64
		{2AC41F68-E271-4A29-9B99-1C1B27674C08}.Debug|x64.Build.0 = Debug|x64
		{2AC41F68-E271-4A29-9B99-1C1B27674C08}.Debug|x86.ActiveCfg = Debug|Win32
		{2AC41F68-E271-4A29-9B99-1C1B27674C08}.Debug|x86.Build.0 = Debug|Win32
		{2AC41F68-E271-4A29-9B99-1C1B27674C08}.Rel_AVX|x64.ActiveCfg = Rel_AVX512|x64
		{2AC41F68-E271-4A29-9B99-1C1B27674C08}.Rel_AVX|x64.Build.0 = Rel_AVX512|x64
		{2AC41F68-E271-4A29-9B99-1C1B27674C08}.Rel_AVX|x86.ActiveCfg = Rel_AVX|Win32
		{2AC41F68-E271-4A29-9B99-1C1B27674C08}.Rel_AVX|x86.Build.0 = Rel_AVX|Win32
		{2AC41F68-E271-4A29-9B99-1C1B27674C08}.Rel_AVX2|x64.ActiveCfg = Rel_AVX2|x64
		{2AC41F68-E271-4A29-9B99-1C1B27674C08}.Rel_AVX2|x64.Build.0 = Rel_AVX2|x64
		{2AC41F68-E271-4A29-9B99-1C1B27674C08}.Rel_AVX2|x86.ActiveCfg = Rel_AVX2|Win32
		{2AC41F68-E271-4A29-9B99-1C1B27674C08}.Rel_AVX2|x86.Build.0 = Rel_AVX2|Win32
		{2AC41F68-E271-4A29-9B99-1C1B27674C08}.Rel_AVX512|x64.ActiveCfg = Rel_AVX512|x64
		{2AC41F68-E271-4A29-9B99-1C1B27674C08}.Rel_AVX512|x64.Build.0 = Rel_AVX512|x64
		{2AC41F68-E271-4A29-9B99-1C1B27674C08}.Rel_AVX512|x86.ActiveCfg = Rel_AVX512|Win32
		{2AC41F68-E271-4A29-9B99-1C1B27674C08}.Rel_AVX512|x86.Build.0 = Rel_AVX512|Win32
		{2AC41F68-E271-4A29-9B99-1C1B27674C08}.Release|x64.ActiveCfg = Release|x64
		{2AC41F68-E271-4A29-9B99-1C1B27674C08}.Release|x64.Build.0 = Release|x64
		{2AC41F68-E271-4A29-9B99-1C1B27674C08}.Release|x86.ActiveCfg = Release|Win32
		{2AC41F68-E271-4A29-9B99-1C1B27674C08}.Release|x86.Build.0 = Release|Win32
		{3FCC50C2-81E9-5DB2-B8D8-2129427568B1}.Debug|x64.ActiveCfg = Debug|x64
		{3FCC50C2-81E9-5DB2-B8D8-2129427568B1}.Debug|x64.Build.0 = Debug|x64
		{3FCC50C2-81E9-5DB2-B8D8-2129427568B1}.Debug|x86.ActiveCfg = Debug|x64
		{3FCC50C2-81E9-5DB2-B8D8-2129427568B1}.Rel_AVX|x64.ActiveCfg = Rel_AVX512|x64
		{3FCC50C2-81E9-5DB2-B8D8-2129427568B1}.Rel_AVX|x64.Build.0 = Rel_AVX512|x64
		{3FCC50C2-81E9-5DB2-B8D8-2129427568B1}.Rel_AVX|x86.ActiveCfg = Release|x64
		{3FCC50C2-81E9-5DB2-B8D8-2129427568B1}.Rel_AVX2|x64.ActiveCfg = Release|x64
		{3FCC50C2-81E9-5DB2-B8D8-2129427568B1}.Rel_AVX2|x64.Build.0 = Release|x64
		{3FCC50C2-81E9-5DB2-B8D8-2129427568B1}.Rel_AVX2|x86.ActiveCfg = Release|x64
		{3FCC50C2-81E9-5DB2-B8D8-2129427568B1}.Rel_AVX512|x64.ActiveCfg = Rel_AVX512|x64
		{3FCC50C2-81E9-5DB2-B8D8-2129427568B1}.Rel_AVX512|x64.Build.0 = Rel_AVX512|x64
		{3FCC50C2-81E9-5DB2-B8D8-2129427568B1}.Rel_AVX512|x86.ActiveCfg = Release|x64
		{3FCC50C2-81E9-5DB2-B8D8-2129427568B1}.Release|x64.ActiveCfg = Release|x64
		{3FCC50C2-81E9-5DB2-B8D8-2129427568B1}.Release|x64.Build.0 = Release|x64
		{3FCC50C2-81E9-5DB2-B8D8-2129427568B1}.Release|x86.ActiveCfg = Release|Win32
		{3FCC50C2-81E9-5DB2-B8D8-2129427568B1}.Release|x86.Build.0 = Release|Win32
		{6744DAD8-9C70-574A-BFF2-9F8DDDB24A75}.Debug|x64.ActiveCfg = Debug|x64
		{6744DAD8-9C70-574A-BFF2-9F8DDDB24A75}.Debug|x64.Build.0 = Debug|x64
		{6744DAD8-9C70-574A-BFF2-9F8DDDB24A75}.Debug|x86.ActiveCfg = Debug|x64
		{6744DAD8-9C70-574A-BFF2-9F8DDDB24A75}.Rel_AVX|x64.ActiveCfg = Rel_AVX512|x64
		{6744DAD8-9C70-574A-BFF2-9F8DDDB24A75}.Rel_AVX|x64.Build.0 = Rel_AVX512|x64
		{6744DAD8-9C70-574A-BFF2-9F8DDDB24A75}.Rel_AVX|x86.ActiveCfg = Release|x64
		{6744DAD8-9C70-574A-BFF2-9F8DDDB24A75}.Rel_AVX2|x64.ActiveCfg = Release|x64
		{6744DAD8-9C70-574A-BFF2-9F8DDDB24A75}.Rel_AVX2|x64.Build.0 = Release|x64
		{6744DAD8-9C70-574A-BFF2-9F8DDDB24A75}.Rel_AVX2|x86.ActiveCfg = Release|x64
		{6744DAD8-9C70-574A-BFF2-9F8DDDB24A75}.Rel_AVX512|x64.ActiveCfg = Rel_AVX512|x64
		{6744DAD8-9C70-574A-BFF2-9F8DDDB24A75}.Rel_AVX512|x64.Build.0 = Rel_AVX512|x64
		{6744DAD8-9C70-574A-BFF2-9F8DDDB24A75}.Rel_AVX512|x86.ActiveCfg = Release|x64
		{6744DAD8-9C70-574A-BFF2-9F8DDDB24A75}.Release|x64.ActiveCfg = Release|x64
		{6744DAD8-9C70-574A-BFF2-9F8DDDB24A75}.Release|x64.Build.0 = Release|x64
		{6744DAD8-9C70-574A-BFF2-9F8DDDB24A75}.Release|x86.ActiveCfg = Release|Win32
		{6744DAD8-9C70-574A-BFF2-9F8DDDB24A75}.Release|x86.Build.0 = Release|Win32
		{56A4B526-BB81-5D01-AAA9-16D23BBB169D}.Debug|x64.ActiveCfg = Debug|x64
		{56A4B526-BB81-5D01-AAA9-16D23BBB169D}.Debug|x64.Build.0 = Debug|x64
		{56A4B526-BB81-5D01-AAA9-16D23BBB169D}.Debug|x86.ActiveCfg = Debug|x64
		{56A4B526-BB81-5D01-AAA9-16D23BBB169D}.Rel_AVX|x64.ActiveCfg = Rel_AVX512|x64
		{56A4B526-BB81-5D01-AAA9-16D23BBB169D}.Rel_AVX|x64.Build.0 = Rel_AVX512|x64
		{56A4B526-BB81-5D01-AAA9-16D23BBB169D}.Rel_AVX|x86.ActiveCfg = Release|Win32
		{56A4B526-BB81-5D01-AAA9-16D23BBB169D}.Rel_AVX|x86.Build.0 = Release|Win32
		{56A4B526-BB81-5D01-AAA9-16D23BBB169D}.Rel_AVX2|x64.ActiveCfg = Release|x64
		{56A4B526-BB81-5D01-AAA9-16D23BBB169D}.Rel_AVX2|x64.Build.0 = Release|x64
		{56A4B526-BB81-5D01-AAA9-16D23BBB169D}.Rel_AVX2|x86.ActiveCfg = Release|Win32
		{56A4B526-BB81-5D01-AAA9-16D23BBB169D}.Rel_AVX2|x86.Build.0 = Release|Win32
		{56A4B526-BB81-5D01-AAA9-16D23BBB169D}.Rel_AVX512|x64.ActiveCfg = Rel_AVX512|x64
		{56A4B526-BB81-5D01-AAA9-16D23BBB169D}.Rel_AVX512|x64.Build.0 = Rel_AVX512|x64
		{56A4B526-BB81-5D01-AAA9-16D23BBB169D}.Rel_AVX512|x86.ActiveCfg = Release|Win32
		{56A4B526-BB81-5D01-AAA9-16D23BBB169D}.Rel_AVX512|x86.Build.0 = Release|Win32
		{56A4B526-BB81-5D01-AAA9-16D23BBB169D}.Release|x64.ActiveCfg = Release|x64
		{56A4B526-BB81-5D01-AAA9-16D23BBB169D}.Release|x64.Build.0 = Release|x64
		{56A4B526-BB81-5D01-AAA9-16D23BBB169D}.Release|x86.ActiveCfg = Release|Win32
		{56A4B526-BB81-5D01-AAA9-16D23BBB169D}.Release|x86.Build.0 = Release|Win32
		{8ACC122A-CA6A-5AA6-9C97-9CDD2E533DB0}.Debug|x64.ActiveCfg = Debug|x64
		{8ACC122A-CA6A-5AA6-9C97-9CDD2E533DB0}.Debug|x64.Build.0 = Debug|x64
		{8ACC122A-CA6A-5AA6-9C97-9CDD2E533DB0}.Debug|x86.ActiveCfg = Debug|x64
		{8ACC122A-CA6A-5AA6-9C97-9CDD2E533DB0}.Rel_AVX|x64.ActiveCfg = Rel_AVX512|x64
		{8ACC122A-CA6A-5AA6-9C97-9CDD2E533DB0}.Rel_AVX|x64.Build.0 = Rel_AVX512|x64
		{8ACC122A-CA6A-5AA6-9C97-9CDD2E533DB0}.Rel_AVX|x86.ActiveCfg = Release|Win32
		{8ACC122A-CA6A-5AA6-9C97-9CDD2E533DB0}.Rel_AVX|x86.Build.0 = Release|Win32
		{8ACC122A-CA6A-5AA6-9C97-9CDD2E533DB0}.Rel_AVX2|x64.ActiveCfg = Release|x64
		{8ACC122A-CA6A-5AA6-9C97-9CDD2E533DB0}.Rel_AVX2|x64.Build.0 = Release|x64
		{8ACC122A-CA6A-5AA6-9C97-9CDD2E533DB0}.Rel_AVX2|x86.ActiveCfg = Release|Win32
		{8ACC122A-CA6A-5AA6-9C97-9CDD2E533DB0}.Rel_AVX2|x86.Build.0 = Release|Win32
		{8ACC122A-CA6A-5AA6-9C97-9CDD2E533DB0}.Rel_AVX512|x64.ActiveCfg = Rel_AVX512|x64
		{8ACC122A-CA6A-5AA6-9C97-9CDD2E533DB0}.Rel_AVX512|x64.Build.0 = Rel_AVX512|x64
		{8ACC122A-CA6A-5AA6-9C97-9CDD2E533DB0}.Rel_AVX512|x86.ActiveCfg = Release|Win32
		{8ACC122A-CA6A-5AA6-9C97-9CDD2E533DB0}.Rel_AVX512|x86.Build.0 = Release|Win32
		{8ACC122A-CA6A-5AA6-9C97-9CDD2E533DB0}.Release|x64.ActiveCfg = Release|x64
		{8ACC122A-CA6A-5AA6-9C97-9CDD2E533DB0}.Release|x64.Build.0 = Release|x64
		{8ACC122A-CA6A-5AA6-9C97-9CDD2E533DB0}.Release|x86.ActiveCfg = Release|Win32
		{8ACC122A-CA6A-5AA6-9C97-9CDD2E533DB0}.Release|x86.Build.0 = Release|Win32
		{0D252872-7542-4232-8D02-53F9182AEE15}.Debug|x64.ActiveCfg = Debug|x64
		{0D252872-7542-4232-8D02-53F9182AEE15}.Debug|x64.Build.0 = Debug|x64
		{0D252872-7542-4232-8D02-53F9182AEE15}.Debug|x86.ActiveCfg = Debug|Win32
		{0D252872-7542-4232-8D02-53F9182AEE15}.Debug|x86.Build.0 = Debug|Win32
		{0D252872-7542-4232-8D02-53F9182AEE15}.Rel_AVX|x64.ActiveCfg = Rel_AVX512|x64
		{0D252872-7542-4232-8D02-53F9182AEE15}.Rel_AVX|x64.Build.0 = Rel_AVX512|x64
		{0D252872-7542-4232-8D02-53F9182AEE15}.Rel_AVX|x86.ActiveCfg = Release|Win32
		{0D252872-7542-4232-8D02-53F9182AEE15}.Rel_AVX|x86.Build.0 = Release|Win32
		{0D252872-7542-4232-8D02-53F9182AEE15}.Rel_AVX2|x64.ActiveCfg = Release|x64
		{0D252872-7542-4232-8D02-53F9182AEE15}.Rel_AVX2|x64.Build.0 = Release|x64
		{0D252872-7542-4232-8D02-53F9182AEE15}.Rel_AVX2|x86.ActiveCfg = Release|Win32
		{0D252872-7542-4232-8D02-53F9182AEE15}.Rel_AVX2|x86.Build.0 = Release|Win32
		{0D252872-7542-4232-8D02-53F9182AEE15}.Rel_AVX512|x64.ActiveCfg = Rel_AVX512|x64
		{0D252872-7542-4232-8D02-53F9182AEE15}.Rel_AVX512|x64.Build.0 = Rel_AVX512|x64
		{0D252872-7542-4232-8D02-53F9182AEE15}.Rel_AVX512|x86.ActiveCfg = Release|Win32
		{0D252872-7542-4232-8D02-53F9182AEE15}.Rel_AVX512|x86.Build.0 = Release|Win32
		{0D252872-7542-4232-8D02-53F9182AEE15}.Release|x64.ActiveCfg = Release|x64
		{0D252872-7542-4232-8D02-53F9182AEE15}.Release|x64.Build.0 = Release|x64
		{0D252872-7542-4232-8D02-53F9182AEE15}.Release|x86.ActiveCfg = Release|Win32
		{0D252872-7542-4232-8D02-53F9182AEE15}.Release|x86.Build.0 = Release|Win32
		{C2082189-3ECB-4079-91FA-89D3C8A305C0}.Debug|x64.ActiveCfg = Debug|x64
		{C2082189-3ECB-4079-91FA-89D3C8A305C0}.Debug|x64.Build.0 = Debug|x64
		{C2082189-3ECB-4079-91FA-89D3C8A305C0}.Debug|x86.ActiveCfg = Debug|Win32
		{C2082189-3ECB-4079-91FA-89D3C8A305C0}.Debug|x86.Build.0 = Debug|Win32
		{C2082189-3ECB-4079-91FA-89D3C8A305C0}.Rel_AVX|x64.ActiveCfg = Rel_AVX512|x64
		{C2082189-3ECB-4079-91FA-89D3C8A305C0}.Rel_AVX|x64.Build.0 = Rel_AVX512|x64
		{C2082189-3ECB-4079-91FA-89D3C8A305C0}.Rel_AVX|x86.ActiveCfg = Release|Win32
		{C2082189-3ECB-4079-91FA-89D3C8A305C0}.Rel_AVX|x86.Build.0 = Release|Win32
		{C2082189-3ECB-4079-91FA-89D3C8A305C0}.Rel_AVX2|x64.ActiveCfg = Release|x64
		{C2082189-3ECB-4079-91FA-89D3C8A305C0}.Rel_AVX2|x64.Build.0 = Release|x64
		{C2082189-3ECB-4079-91FA-89D3C8A305C0}.Rel_AVX2|x86.ActiveCfg = Release|Win32
		{C2082189-3ECB-4079-91FA-89D3C8A305C0}.Rel_AVX2|x86.Build.0 = Release|Win32
		{C2082189-3ECB-4079-91FA-89D3C8A305C0}.Rel_AVX512|x64.ActiveCfg = Rel_AVX512|x64
		{C2082189-3ECB-4079-91FA-89D3C8A305C0}.Rel_AVX512|x64.Build.0 = Rel_AVX512|x64
		{C2082189-3ECB-4079-91FA-89D3C8A305C0}.Rel_AVX512|x86.ActiveCfg = Release|Win32
		{C2082189-3ECB-4079-91FA-89D3C8A305C0}.Rel_AVX512|x86.Build.0 = Release|Win32
		{C2082189-3ECB-4079-91FA-89D3C8A305C0}.Release|x64.ActiveCfg = Release|x64
		{C2082189-3ECB-4079-91FA-89D3C8A305C0}.Release|x64.Build.0 = Release|x64
		{C2082189-3ECB-4079-91FA-89D3C8A305C0}.Release|x86.ActiveCfg = Release|Win32
		{C2082189-3ECB-4079-91FA-89D3C8A305C0}.Release|x86.Build.0 = Release|Win32
		{5E56335F-0FB1-4EEA-B240-D8DC5E0608E4}.Debug|x64.ActiveCfg = Debug|x64
		{5E56335F-0FB1-4EEA-B240-D8DC5E0608E4}.Debug|x64.Build.0 = Debug|x64
		{5E56335F-0FB1-4EEA-B240-D8DC5E0608E4}.Debug|x86.ActiveCfg = Debug|Win32
		{5E56335F-0FB1-4EEA-B240-D8DC5E0608E4}.Debug|x86.Build.0 = Debug|Win32
		{5E56335F-0FB1-4EEA-B240-D8DC5E0608E4}.Rel_AVX|x64.ActiveCfg = Rel_AVX512|x64
		{5E56335F-0FB1-4EEA-B240-D8DC5E0608E4}.Rel_AVX|x64.Build.0 = Rel_AVX512|x64
		{5E56335F-0FB1-4EEA-B240-D8DC5E0608E4}.Rel_AVX|x86.ActiveCfg = Release|Win32
		{5E56335F-0FB1-4EEA-B240-D8DC5E0608E4}.Rel_AVX|x86.Build.0 = Release|Win32
		{5E56335F-0FB1-4EEA-B240-D8DC5E0608E4}.Rel_AVX2|x64.ActiveCfg = Release|x64
		{5E56335F-0FB1-4EEA-B240-D8DC5E0608E4}.Rel_AVX2|x64.Build.0 = Release|x64
		{5E56335F-0FB1-4EEA-B240-D8DC5E0608E4}.Rel_AVX2|x86.ActiveCfg = Release|Win32
		{5E56335F-0FB1-4EEA-B240-D8DC5E0608E4}.Rel_AVX2|x86.Build.0 = Release|Win32
		{5E56335F-0FB1-4EEA-B240-D8DC5E0608E4}.Rel_AVX512|x64.ActiveCfg = Rel_AVX512|x64
		{5E56335F-0FB1-4EEA-B240-D8DC5E0608E4}.Rel_AVX512|x64.Build.0 = Rel_AVX512|x64
		{5E56335F-0FB1-4EEA-B240-D8DC5E0608E4}.Rel_AVX512|x86.ActiveCfg = Release|Win32
		{5E56335F-0FB1-4EEA-B240-D8DC5E0608E4}.Rel_AVX512|x86.Build.0 = Release|Win32
		{5E56335F-0FB1-4EEA-B240-D8DC5E0608E4}.Release|x64.ActiveCfg = Release|x64
		{5E56335F-0FB1-4EEA-B240-D8DC5E0608E4}.Release|x64.Build.0 = Release|x64
		{5E56335F-0FB1-4EEA-B240-D8DC5E0608E4}.Release|x86.ActiveCfg = Release|Win32
		{5E56335F-0FB1-4EEA-B240-D8DC5E0608E4}.Release|x86.Build.0 = Release|Win32
		{D514EA4D-EAFB-47A9-A437-A582CA571251}.Debug|x64.ActiveCfg = Debug|x64
		{D514EA4D-EAFB-47A9-A437-A582CA571251}.Debug|x64.Build.0 = Debug|x64
		{D514EA4D-EAFB-47A9-A437-A582CA571251}.Debug|x86.ActiveCfg = Debug|Win32
		{D514EA4D-EAFB-47A9-A437-A582CA571251}.Debug|x86.Build.0 = Debug|Win32
		{D514EA4D-EAFB-47A9-A437-A582CA571251}.Rel_AVX|x64.ActiveCfg = Rel_AVX512|x64
		{D514EA4D-EAFB-47A9-A437-A582CA571251}.Rel_AVX|x64.Build.0 = Rel_AVX512|x64
		{D514EA4D-EAFB-47A9-A437-A582CA571251}.Rel_AVX|x86.ActiveCfg = Release|Win32
		{D514EA4D-EAFB-47A9-A437-A582CA571251}.Rel_AVX|x86.Build.0 = Release|Win32
		{D514EA4D-EAFB-47A9-A437-A582CA571251}.Rel_AVX2|x64.ActiveCfg = Release|x64
		{D514EA4D-EAFB-47A9-A437-A582CA571251}.Rel_AVX2|x64.Build.0 = Release|x64
		{D514EA4D-EAFB-47A9-A437-A582CA571251}.Rel_AVX2|x86.ActiveCfg = Release|Win32
		{D514EA4D-EAFB-47A9-A437-A582CA571251}.Rel_AVX2|x86.Build.0 = Release|Win32
		{D514EA4D-EAFB-47A9-A437-A582CA571251}.Rel_AVX512|x64.ActiveCfg = Rel_AVX512|x64
		{D514EA4D-EAFB-47A9-A437-A582CA571251}.Rel_AVX512|x64.Build.0 = Rel_AVX512|x64
		{D514EA4D-EAFB-47A9-A437-A582CA571251}.Rel_AVX512|x86.ActiveCfg = Release|Win32
		{D514EA4D-EAFB-47A9-A437-A582CA571251}.Rel_AVX512|x86.Build.0 = Release|Win32
		{D514EA4D-EAFB-47A9-A437-A582CA571251}.Release|x64.ActiveCfg = Release|x64
		{D514EA4D-EAFB-47A9-A437-A582CA571251}.Release|x64.Build.0 = Release|x64
		{D514EA4D-EAFB-47A9-A437-A582CA571251}.Release|x86.ActiveCfg = Release|Win32
		{D514EA4D-EAFB-47A9-A437-A582CA571251}.Release|x86.Build.0 = Release|Win32
		{530890F8-CBCB-4DAB-BEDF-9FB667D0AFEE}.Debug|x64.ActiveCfg = Debug|x64
		{530890F8-CBCB-4DAB-BEDF-9FB667D0AFEE}.Debug|x64.Build.0 = Debug|x64
		{530890F8-CBCB-4DAB-BEDF-9FB667D0AFEE}.Debug|x86.ActiveCfg = Debug|Win32
		{530890F8-CBCB-4DAB-BEDF-9FB667D0AFEE}.Debug|x86.Build.0 = Debug|Win32
		{530890F8-CBCB-4DAB-BEDF-9FB667D0AFEE}.Rel_AVX|x64.ActiveCfg = Rel_AVX512|x64
		{530890F8-CBCB-4DAB-BEDF-9FB667D0AFEE}.Rel_AVX|x64.Build.0 = Rel_AVX512|x64
		{530890F8-CBCB-4DAB-BEDF-9FB667D0AFEE}.Rel_AVX|x86.ActiveCfg = Release|Win32
		{530890F8-CBCB-4DAB-BEDF-9FB667D0AFEE}.Rel_AVX|x86.Build.0 = Release|Win32
		{530890F8-CBCB-4DAB-BEDF-9FB667D0AFEE}.Rel_AVX2|x64.ActiveCfg = Release|x64
		{530890F8-CBCB-4DAB-BEDF-9FB667D0AFEE}.Rel_AVX2|x64.Build.0 = Release|x64
		{530890F8-CBCB-4DAB-BEDF-9FB667D0AFEE}.Rel_AVX2|x86.ActiveCfg = Release|Win32
		{530890F8-CBCB-4DAB-BEDF-9FB667D0AFEE}.Rel_AVX2|x86.Build.0 = Release|Win32
		{530890F8-CBCB-4DAB-BEDF-9FB667D0AFEE}.Rel_AVX512|x64.ActiveCfg = Rel_AVX512|x64
		{530890F8-CBCB-4DAB-BEDF-9FB667D0AFEE}.Rel_AVX512|x64.Build.0 = Rel_AVX512|x64
		{530890F8-CBCB-4DAB-BEDF-9FB667D0AFEE}.Rel_AVX512|x86.ActiveCfg = Release|Win32
		{530890F8-CBCB-4DAB-BEDF-9FB667D0AFEE}.Rel_AVX512|x86.Build.0 = Release|Win32
		{530890F8-CBCB-4DAB-BEDF-9FB667D0AFEE}.Release|x64.ActiveCfg = Release|x64
		{530890F8-CBCB-4DAB-BEDF-9FB667D0AFEE}.Release|x64.Build.0 = Release|x64
		{530890F8-CBCB-4DAB-BEDF-9FB667D0AFEE}.Release|x86.ActiveCfg = Release|Win32
		{530890F8-CBCB-4DAB-BEDF-9FB667D0AFEE}.Release|x86.Build.0 = Release|Win32
		{FC70988B-1AE5-4381-866D-4F405E28AC42}.Debug|x64.ActiveCfg = Debug|x64
		{FC70988B-1AE5-4381-866D-4F405E28AC42}.Debug|x64.Build.0 = Debug|x64
		{FC70988B-1AE5-4381-866D-4F405E28AC42}.Debug|x86.ActiveCfg = Debug|Win32
		{FC70988B-1AE5-4381-866D-4F405E28AC42}.Debug|x86.Build.0 = Debug|Win32
		{FC70988B-1AE5-4381-866D-4F405E28AC42}.Rel_AVX|x64.ActiveCfg = Rel_AVX512|x64
		{FC70988B-1AE5-4381-866D-4F405E28AC42}.Rel_AVX|x64.Build.0 = Rel_AVX512|x64
		{FC70988B-1AE5-4381-866D-4F405E28AC42}.Rel_AVX|x86.ActiveCfg = Release|Win32
		{FC70988B-1AE5-4381-866D-4F405E28AC42}.Rel_AVX|x86.Build.0 = Release|Win32
		{FC70988B-1AE5-4381-866D-4F405E28AC42}.Rel_AVX2|x64.ActiveCfg = Release|x64
		{FC70988B-1AE5-4381-866D-4F405E28AC42}.Rel_AVX2|x64.Build.0 = Release|x64
		{FC70988B-1AE5-4381-866D-4F405E28AC42}.Rel_AVX2|x86.ActiveCfg = Release|Win32
		{FC70988B-1AE5-4381-866D-4F405E28AC42}.Rel_AVX2|x86.Build.0 = Release|Win32
		{FC70988B-1AE5-4381-866D-4F405E28AC42}.Rel_AVX512|x64.ActiveCfg = Rel_AVX512|x64
		{FC70988B-1AE5-4381-866D-4F405E28AC42}.Rel_AVX512|x64.Build.0 = Rel_AVX512|x64
		{FC70988B-1AE5-4381-866D-4F405E28AC42}.Rel_AVX512|x86.ActiveCfg = Release|Win32
		{FC70988B-1AE5-4381-866D-4F405E28AC42}.Rel_AVX512|x86.Build.0 = Release|Win32
		{FC70988B-1AE5-4381-866D-4F405E28AC42}.Release|x64.ActiveCfg = Release|x64
		{FC70988B-1AE5-4381-866D-4F405E28AC42}.Release|x64.Build.0 = Release|x64
		{FC70988B-1AE5-4381-866D-4F405E28AC42}.Release|x86.ActiveCfg = Release|Win32
		{FC70988B-1AE5-4381-866D-4F405E28AC42}.Release|x86.Build.0 = Release|Win32
		{DD9D2D92-2241-408A-859E-B85D444B7E3C}.Debug|x64.ActiveCfg = Debug|x64
		{DD9D2D92-2241-408A-859E-B85D444B7E3C}.Debug|x64.Build.0 = Debug|x64
		{DD9D2D92-2241-408A-859E-B85D444B7E3C}.Debug|x86.ActiveCfg = Debug|Win32
		{DD9D2D92-2241-408A-859E-B85D444B7E3C}.Debug|x86.Build.0 = Debug|Win32
		{DD9D2D92-2241-408A-859E-B85D444B7E3C}.Rel_AVX|x64.ActiveCfg = Rel_AVX512|x64
		{DD9D2D92-2241-408A-859E-B85D444B7E3C}.Rel_AVX|x64.Build.0 = Rel_AVX512|x64
		{DD9D2D92-2241-408A-859E-B85D444B7E3C}.Rel_AVX|x86.ActiveCfg = Release|Win32
		{DD9D2D92-2241-408A-859E-B85D444B7E3C}.Rel_AVX|x86.Build.0 = Release|Win32
		{DD9D2D92-2241-408A-859E-B85D444B7E3C}.Rel_AVX2|x64.ActiveCfg = Release|x64
		{DD9D2D92-2241-408A-859E-B85D444B7E3C}.Rel_AVX2|x64.Build.0 = Release|x64
		{DD9D2D92-2241-408A-859E-B85D444B7E3C}.Rel_AVX2|x86.ActiveCfg = Release|Win32
		{DD9D2D92-2241-408A-859E-B85D444B7E3C}.Rel_AVX2|x86.Build.0 = Release|Win32
		{DD9D2D92-2241-408A-859E-B85D444B7E3C}.Rel_AVX512|x64.ActiveCfg = Rel_AVX512|x64
		{DD9D2D92-2241-408A-859E-B85D444B7E3C}.Rel_AVX512|x64.Build.0 = Rel_AVX512|x64
		{DD9D2D92-2241-408A-859E-B85D444B7E3C}.Rel_AVX512|x86.ActiveCfg = Release|Win32
		{DD9D2D92-2241-408A-859E-B85D444B7E3C}.Rel_AVX512|x86.Build.0 = Release|Win32
		{DD9D2D92-2241-408A-859E-B85D444B7E3C}.Release|x64.ActiveCfg = Release|x64
		{DD9D2D92-2241-408A-859E-B85D444B7E3C}.Release|x64.Build.0 = Release|x64
		{DD9D2D92-2241-408A-859E-B85D444B7E3C}.Release|x86.ActiveCfg = Release|Win32
		{DD9D2D92-2241-408A-859E-B85D444B7E3C}.Release|x86.Build.0 = Release|Win32
		{53609BB3-D874-465C-AF7B-DF626DB0D89B}.Debug|x64.ActiveCfg = Debug|x64
		{53609BB3-D874-465C-AF7B-DF626DB0D89B}.Debug|x64.Build.0 = Debug|x64
		{53609BB3-D874-465C-AF7B-DF626DB0D89B}.Debug|x86.ActiveCfg = Debug|Win32
		{53609BB3-D874-465C-AF7B-DF626DB0D89B}.Debug|x86.Build.0 = Debug|Win32
		{53609BB3-D874-465C-AF7B-DF626DB0D89B}.Rel_AVX|x64.ActiveCfg = Rel_AVX512|x64
		{53609BB3-D874-465C-AF7B-DF626DB0D89B}.Rel_AVX|x64.Build.0 = Rel_AVX512|x64
		{53609BB3-D874-465C-AF7B-DF626DB0D89B}.Rel_AVX|x86.ActiveCfg = Rel_AVX|Win32
		{53609BB3-D874-465C-AF7B-DF626DB0D89B}.Rel_AVX|x86.Build.0 = Rel_AVX|Win32
		{53609BB3-D874-465C-AF7B-DF626DB0D89B}.Rel_AVX2|x64.ActiveCfg = Rel_AVX2|x64
		{53609BB3-D874-465C-AF7B-DF626DB0D89B}.Rel_AVX2|x64.Build.0 = Rel_AVX2|x64
		{53609BB3-D874-465C-AF7B-DF626DB0D89B}.Rel_AVX2|x86.ActiveCfg = Rel_AVX2|Win32
		{53609BB3-D874-465C-AF7B-DF626DB0D89B}.Rel_AVX2|x86.Build.0 = Rel_AVX2|Win32
		{53609BB3-D874-465C-AF7B-DF626DB0D89B}.Rel_AVX512|x64.ActiveCfg = Rel_AVX512|x64
		{53609BB3-D874-465C-AF7B-DF626DB0D89B}.Rel_AVX512|x64.Build.0 = Rel_AVX512|x64
		{53609BB3-D874-465C-AF7B-DF626DB0D89B}.Rel_AVX512|x86.ActiveCfg = Rel_AVX512|Win32
		{53609BB3-D874-465C-AF7B-DF626DB0D89B}.Rel_AVX512|x86.Build.0 = Rel_AVX512|Win32
		{53609BB3-D874-465C-AF7B-DF626DB0D89B}.Release|x64.ActiveCfg = Release|x64
		{53609BB3-D874-465C-AF7B-DF626DB0D89B}.Release|x64.Build.0 = Release|x64
		{53609BB3-D874-465C-AF7B-DF626DB0D89B}.Release|x86.ActiveCfg = Release|Win32
		{53609BB3-D874-465C-AF7B-DF626DB0D89B}.Release|x86.Build.0 = Release|Win32
		{6003006D-B682-487E-B386-6C66B7E45F5E}.Debug|x64.ActiveCfg = Debug|x64
		{6003006D-B682-487E-B386-6C66B7E45F5E}.Debug|x64.Build.0 = Debug|x64
		{6003006D-B682-487E-B386-6C66B7E45F5E}.Debug|x86.ActiveCfg = Debug|Win32
		{6003006D-B682-487E-B386-6C66B7E45F5E}.Debug|x86.Build.0 = Debug|Win32
		{6003006D-B682-487E-B386-6C66B7E45F5E}.Rel_AVX|x64.ActiveCfg = Rel_AVX512|x64
		{6003006D-B682-487E-B386-6C66B7E45F5E}.Rel_AVX|x64.Build.0 = Rel_AVX512|x64
		{6003006D-B682-487E-B386-6C66B7E45F5E}.Rel_AVX|x86.ActiveCfg = Release|Win32
		{6003006D-B682-487E-B386-6C66B7E45F5E}.Rel_AVX|x86.Build.0 = Release|Win32
		{6003006D-B682-487E-B386-6C66B7E45F5E}.Rel_AVX2|x64.ActiveCfg = Release|x64
		{6003006D-B682-487E-B386-6C66B7E45F5E}.Rel_AVX2|x64.Build.0 = Release|x64
		{6003006D-B682-487E-B386-6C66B7E45F5E}.Rel_AVX2|x86.ActiveCfg = Release|Win32
		{6003006D-B682-487E-B386-6C66B7E45F5E}.Rel_AVX2|x86.Build.0 = Release|Win32
		{6003006D-B682-487E-B386-6C66B7E45F5E}.Rel_AVX512|x64.ActiveCfg = Rel_AVX512|x64
		{6003006D-B682-487E-B386-6C66B7E45F5E}.Rel_AVX512|x64.Build.0 = Rel_AVX512|x64
		{6003006D-B682-487E-B386-6C66B7E45F5E}.Rel_AVX512|x86.ActiveCfg = Release|Win32
		{6003006D-B682-487E-B386-6C66B7E45F5E}.Rel_AVX512|x86.Build.0 = Release|Win32
		{6003006D-B682-487E-B386-6C66B7E45F5E}.Release|x64.ActiveCfg = Release|x64
		{6003006D-B682-487E-B386-6C66B7E45F5E}.Release|x64.Build.0 = Release|x64
		{6003006D-B682-487E-B386-6C66B7E45F5E}.Release|x86.ActiveCfg = Release|Win32
		{6003006D-B682-487E-B386-6C66B7E45F5E}.Release|x86.Build.0 = Release|Win32
		{ED5DE88C-FF97-4C48-B212-68AE97777CE4}.Debug|x64.ActiveCfg = Debug|x64
		{ED5DE88C-FF97-4C48-B212-68AE97777CE4}.Debug|x64.Build.0 = Debug|x64
		{ED5DE88C-FF97-4C48-B212-68AE97777CE4}.Debug|x86.ActiveCfg = Debug|Win32
		{ED5DE88C-FF97-4C48-B212-68AE97777CE4}.Debug|x86.Build.0 = Debug|Win32
		{ED5DE88C-FF97-4C48-B212-68AE97777CE4}.Rel_AVX|x64.ActiveCfg = Release|x64
		{ED5DE88C-FF97-4C48-B212-68AE97777CE4}.Rel_AVX|x64.Build.0 = Release|x64
		{ED5DE88C-FF97-4C48-B212-68AE97777CE4}.Rel_AVX|x86.ActiveCfg = Rel_AVX|Win32
		{ED5DE88C-FF97-4C48-B212-68AE97777CE4}.Rel_AVX|x86.Build.0 = Rel_AVX|Win32
		{ED5DE88C-FF97-4C48-B212-68AE97777CE4}.Rel_AVX2|x64.ActiveCfg = Rel_AVX2|x64
		{ED5DE88C-FF97-4C48-B212-68AE97777CE4}.Rel_AVX2|x64.Build.0 = Rel_AVX2|x64
		{ED5DE88C-FF97-4C48-B212-68AE97777CE4}.Rel_AVX2|x86.ActiveCfg = Rel_AVX2|Win32
		{ED5DE88C-FF97-4C48-B212-68AE97777CE4}.Rel_AVX2|x86.Build.0 = Rel_AVX2|Win32
		{ED5DE88C-FF97-4C48-B212-68AE97777CE4}.Rel_AVX512|x64.ActiveCfg = Rel_AVX512|x64
		{ED5DE88C-FF97-4C48-B212-68AE97777CE4}.Rel_AVX512|x64.Build.0 = Rel_AVX512|x64
		{ED5DE88C-FF97-4C48-B212-68AE97777CE4}.Rel_AVX512|x86.ActiveCfg = Rel_AVX512|Win32
		{ED5DE88C-FF97-4C48-B212-68AE97777CE4}.Rel_AVX512|x86.Build.0 = Rel_AVX512|Win32
		{ED5DE88C-FF97-4C48-B212-68AE97777CE4}.Release|x64.ActiveCfg = Release|x64
		{ED5DE88C-FF97-4C48-B212-68AE97777CE4}.Release|x64.Build.0 = Release|x64
		{ED5DE88C-FF97-4C48-B212-68AE97777CE4}.Release|x86.ActiveCfg = Release|Win32
		{ED5DE88C-FF97-4C48-B212-68AE97777CE4}.Release|x86.Build.0 = Release|Win32
		{A1D72CE9-26BC-492E-BFA2-06454C581CC6}.Debug|x64.ActiveCfg = Debug|x64
		{A1D72CE9-26BC-492E-BFA2-06454C581CC6}.Debug|x64.Build.0 = Debug|x64
		{A1D72CE9-26BC-492E-BFA2-06454C581CC6}.Debug|x86.ActiveCfg = Debug|Win32
		{A1D72CE9-26BC-492E-BFA2-06454C581CC6}.Debug|x86.Build.0 = Debug|Win32
		{A1D72CE9-26BC-492E-BFA2-06454C581CC6}.Rel_AVX|x64.ActiveCfg = Release|x64
		{A1D72CE9-26BC-492E-BFA2-06454C581CC6}.Rel_AVX|x64.Build.0 = Release|x64
		{A1D72CE9-26BC-492E-BFA2-06454C581CC6}.Rel_AVX|x86.ActiveCfg = Release|Win32
		{A1D72CE9-26BC-492E-BFA2-06454C581CC6}.Rel_AVX|x86.Build.0 = Release|Win32
		{A1D72CE9-26BC-492E-BFA2-06454C581CC6}.Rel_AVX2|x64.ActiveCfg = Release|x64
		{A1D72CE9-26BC-492E-BFA2-06454C581CC6}.Rel_AVX2|x64.Build.0 = Release|x64
		{A1D72CE9-26BC-492E-BFA2-06454C581CC6}.Rel_AVX2|x86.ActiveCfg = Release|Win32
		{A1D72CE9-26BC-492E-BFA2-06454C581CC6}.Rel_AVX2|x86.Build.0 = Release|Win32
		{A1D72CE9-26BC-492E-BFA2-06454C581CC6}.Rel_AVX512|x64.ActiveCfg = Rel_AVX512|x64
		{A1D72CE9-26BC-492E-BFA2-06454C581CC6}.Rel_AVX512|x64.Build.0 = Rel_AVX512|x64
		{A1D72CE9-26BC-492E-BFA2-06454C581CC6}.Rel_AVX512|x86.ActiveCfg = Release|Win32
		{A1D72CE9-26BC-492E-BFA2-06454C581CC6}.Rel_AVX512|x86.Build.0 = Release|Win32
		{A1D72CE9-26BC-492E-BFA2-06454C581CC6}.Release|x64.ActiveCfg = Release|x64
		{A1D72CE9-26BC-492E-BFA2-06454C581CC6}.Release|x64.Build.0 = Release|x64
		{A1D72CE9-26BC-492E-BFA2-06454C581CC6}.Release|x86.ActiveCfg = Release|Win32
		{A1D72CE9-26BC-492E-BFA2-06454C581CC6}.Release|x86.Build.0 = Release|Win32
		{C5C0D3AC-E6C0-4DB9-B08D-6D8909C8A847}.Debug|x64.ActiveCfg = Debug|x64
		{C5C0D3AC-E6C0-4DB9-B08D-6D8909C8A847}.Debug|x64.Build.0 = Debug|x64
		{C5C0D3AC-E6C0-4DB9-B08D-6D8909C8A847}.Debug|x86.ActiveCfg = Debug|Win32
		{C5C0D3AC-E6C0-4DB9-B08D-6D8909C8A847}.Debug|x86.Build.0 = Debug|Win32
		{C5C0D3AC-E6C0-4DB9-B08D-6D8909C8A847}.Rel_AVX|x64.ActiveCfg = Release|x64
		{C5C0D3AC-E6C0-4DB9-B08D-6D8909C8A847}.Rel_AVX|x64.Build.0 = Release|x64
		{C5C0D3AC-E6C0-4DB9-B08D-6D8909C8A847}.Rel_AVX|x86.ActiveCfg = Release|Win32
		{C5C0D3AC-E6C0-4DB9-B08D-6D8909C8A847}.Rel_AVX|x86.Build.0 = Release|Win32
		{C5C0D3AC-E6C0-4DB9-B08D-6D8909C8A847}.Rel_AVX2|x64.ActiveCfg = Release|x64
		{C5C0D3AC-E6C0-4DB9-B08D-6D8909C8A847}.Rel_AVX2|x64.Build.0 = Release|x64
		{C5C0D3AC-E6C0-4DB9-B08D-6D8909C8A847}.Rel_AVX2|x86.ActiveCfg = Release|Win32
		{C5C0D3AC-E6C0-4DB9-B08D-6D8909C8A847}.Rel_AVX2|x86.Build.0 = Release|Win32
		{C5C0D3AC-E6C0-4DB9-B08D-6D8909C8A847}.Rel_AVX512|x64.ActiveCfg = Rel_AVX512|x64
		{C5C0D3AC-E6C0-4DB9-B08D-6D8909C8A847}.Rel_AVX512|x64.Build.0 = Rel_AVX512|x64
		{C5C0D3AC-E6C0-4DB9-B08D-6D8909C8A847}.Rel_AVX512|x86.ActiveCfg = Release|Win32
		{C5C0D3AC-E6C0-4DB9-B08D-6D8909C8A847}.Rel_AVX512|x86.Build.0 = Release|Win32
		{C5C0D3AC-E6C0-4DB9-B08D-6D8909C8A847}.Release|x64.ActiveCfg = Release|x64
		{C5C0D3AC-E6C0-4DB9-B08D-6D8909C8A847}.Release|x64.Build.0 = Release|x64
		{C5C0D3AC-E6C0-4DB9-B08D-6D8909C8A847}.Release|x86.ActiveCfg = Release|Win32
		{C5C0D3AC-E6C0-4DB9-B08D-6D8909C8A847}.Release|x86.Build.0 = Release|Win32
		{7EE5840D-0B07-49C4-808D-526BAD3B3E86}.Debug|x64.ActiveCfg = Debug|x64
		{7EE5840D-0B07-49C4-808D-526BAD3B3E86}.Debug|x64.Build.0 = Debug|x64
		{7EE5840D-0B07-49C4-808D-526BAD3B3E86}.Debug|x86.ActiveCfg = Debug|Win32
		{7EE5840D-0B07-49C4-808D-526BAD3B3E86}.Debug|x86.Build.0 = Debug|Win32
		{7EE5840D-0B07-49C4-808D-526BAD3B3E86}.Rel_AVX|x64.ActiveCfg = Release|x64
		{7EE5840D-0B07-49C4-808D-526BAD3B3E86}.Rel_AVX|x64.Build.0 = Release|x64
		{7EE5840D-0B07-49C4-808D-526BAD3B3E86}.Rel_AVX|x86.ActiveCfg = Release|Win32
		{7EE5840D-0B07-49C4-808D-526BAD3B3E86}.Rel_AVX|x86.Build.0 = Release|Win32
		{7EE5840D-0B07-49C4-808D-526BAD3B3E86}.Rel_AVX2|x64.ActiveCfg = Release|x64
		{7EE5840D-0B07-49C4-808D-526BAD3B3E86}.Rel_AVX2|x64.Build.0 = Release|x64
		{7EE5840D-0B07-49C4-808D-526BAD3B3E86}.Rel_AVX2|x86.ActiveCfg = Release|Win32
		{7EE5840D-0B07-49C4-808D-526BAD3B3E86}.Rel_AVX2|x86.Build.0 = Release|Win32
		{7EE5840D-0B07-49C4-808D-526BAD3B3E86}.Rel_AVX512|x64.ActiveCfg = Rel_AVX512|x64
		{7EE5840D-0B07-49C4-808D-526BAD3B3E86}.Rel_AVX512|x64.Build.0 = Rel_AVX512|x64
		{7EE5840D-0B07-49C4-808D-526BAD3B3E86}.Rel_AVX512|x86.ActiveCfg = Release|Win32
		{7EE5840D-0B07-49C4-808D-526BAD3B3E86}.Rel_AVX512|x86.Build.0 = Release|Win32
		{7EE5840D-0B07-49C4-808D-526BAD3B3E86}.Release|x64.ActiveCfg = Release|x64
		{7EE5840D-0B07-49C4-808D-526BAD3B3E86}.Release|x64.Build.0 = Release|x64
		{7EE5840D-0B07-49C4-808D-526BAD3B3E86}.Release|x86.ActiveCfg = Release|Win32
		{7EE5840D-0B07-49C4-808D-526BAD3B3E86}.Release|x86.Build.0 = Release|Win32
	EndGlobalSection
	GlobalSection(SolutionProperties) = preSolution
		HideSolutionNode = FALSE
	EndGlobalSection
	GlobalSection(NestedProjects) = preSolution
		{9F3CC443-D4EB-43E6-8263-8448F731489F} = {882ACECD-558D-46CA-9286-A72DE3378C2F}
		{7D76113C-59DD-42AC-8783-A1E5034E58AA} = {882ACECD-558D-46CA-9286-A72DE3378C2F}
		{E0F14C76-4D63-4A46-8ADD-68C112018BB3} = {FFABD8CF-0268-4C0F-A786-0A214638FEB0}
		{AF5CD8A9-C5DC-4780-BA28-5ED5EF9A3536} = {9A2DB7A6-9BDA-47E0-A447-4BA817660CC3}
		{C91E1D87-614C-47E8-9587-393568D41738} = {FFABD8CF-0268-4C0F-A786-0A214638FEB0}
		{F6C48ACA-C78D-450F-8059-010BBBA12137} = {9A2DB7A6-9BDA-47E0-A447-4BA817660CC3}
		{56E35122-0B51-43D4-A721-472F2F956E0F} = {6AF07A55-70AA-4623-91C2-81BF006A7948}
		{DD6C83B0-C8E0-4C46-BFCE-C758B31904B1} = {882ACECD-558D-46CA-9286-A72DE3378C2F}
		{E8A3F6FA-AE1C-4C8E-A0B6-9C8480324EAA} = {6AF07A55-70AA-4623-91C2-81BF006A7948}
		{2CF8C7D2-55E5-4861-A58A-A79B84D0D9EA} = {00E94E47-E290-4A46-BB3C-31FC262363A1}
		{BA804678-E98B-4026-8D33-A8C5263C669E} = {9A2DB7A6-9BDA-47E0-A447-4BA817660CC3}
		{325D093D-826B-4A7D-83C7-1CAD22911B9F} = {9A2DB7A6-9BDA-47E0-A447-4BA817660CC3}
		{BC147FEB-91CB-4626-80FE-E310273F3346} = {882ACECD-558D-46CA-9286-A72DE3378C2F}
		{2AC41F68-E271-4A29-9B99-1C1B27674C08} = {00E94E47-E290-4A46-BB3C-31FC262363A1}
		{3FCC50C2-81E9-5DB2-B8D8-2129427568B1} = {2584153F-DE1E-4422-A987-6B763C1B7D7D}
		{6744DAD8-9C70-574A-BFF2-9F8DDDB24A75} = {2584153F-DE1E-4422-A987-6B763C1B7D7D}
		{56A4B526-BB81-5D01-AAA9-16D23BBB169D} = {2584153F-DE1E-4422-A987-6B763C1B7D7D}
		{8ACC122A-CA6A-5AA6-9C97-9CDD2E533DB0} = {2584153F-DE1E-4422-A987-6B763C1B7D7D}
		{00E94E47-E290-4A46-BB3C-31FC262363A1} = {0E7E47E9-6B33-4AE5-AE23-4F15B04EFD33}
		{882ACECD-558D-46CA-9286-A72DE3378C2F} = {0E7E47E9-6B33-4AE5-AE23-4F15B04EFD33}
		{2584153F-DE1E-4422-A987-6B763C1B7D7D} = {0E7E47E9-6B33-4AE5-AE23-4F15B04EFD33}
		{9A2DB7A6-9BDA-47E0-A447-4BA817660CC3} = {0E7E47E9-6B33-4AE5-AE23-4F15B04EFD33}
		{FFABD8CF-0268-4C0F-A786-0A214638FEB0} = {0E7E47E9-6B33-4AE5-AE23-4F15B04EFD33}
		{6AF07A55-70AA-4623-91C2-81BF006A7948} = {0E7E47E9-6B33-4AE5-AE23-4F15B04EFD33}
		{665B69AD-9722-4E39-A919-D2F08A929EDE} = {0E7E47E9-6B33-4AE5-AE23-4F15B04EFD33}
		{0D252872-7542-4232-8D02-53F9182AEE15} = {665B69AD-9722-4E39-A919-D2F08A929EDE}
		{C2082189-3ECB-4079-91FA-89D3C8A305C0} = {665B69AD-9722-4E39-A919-D2F08A929EDE}
		{5E56335F-0FB1-4EEA-B240-D8DC5E0608E4} = {665B69AD-9722-4E39-A919-D2F08A929EDE}
		{D514EA4D-EAFB-47A9-A437-A582CA571251} = {665B69AD-9722-4E39-A919-D2F08A929EDE}
		{530890F8-CBCB-4DAB-BEDF-9FB667D0AFEE} = {665B69AD-9722-4E39-A919-D2F08A929EDE}
		{FC70988B-1AE5-4381-866D-4F405E28AC42} = {665B69AD-9722-4E39-A919-D2F08A929EDE}
		{DD9D2D92-2241-408A-859E-B85D444B7E3C} = {665B69AD-9722-4E39-A919-D2F08A929EDE}
		{53609BB3-D874-465C-AF7B-DF626DB0D89B} = {6AF07A55-70AA-4623-91C2-81BF006A7948}
		{6003006D-B682-487E-B386-6C66B7E45F5E} = {6AF07A55-70AA-4623-91C2-81BF006A7948}
		{ED5DE88C-FF97-4C48-B212-68AE97777CE4} = {8AF306F3-19C2-4B2B-AF9B-D3362AE9D13B}
		{A1D72CE9-26BC-492E-BFA2-06454C581CC6} = {8AF306F3-19C2-4B2B-AF9B-D3362AE9D13B}
		{8AF306F3-19C2-4B2B-AF9B-D3362AE9D13B} = {9A2DB7A6-9BDA-47E0-A447-4BA817660CC3}
		{C5C0D3AC-E6C0-4DB9-B08D-6D8909C8A847} = {8AF306F3-19C2-4B2B-AF9B-D3362AE9D13B}
		{7EE5840D-0B07-49C4-808D-526BAD3B3E86} = {8AF306F3-19C2-4B2B-AF9B-D3362AE9D13B}
	EndGlobalSection
	GlobalSection(ExtensibilityGlobals) = postSolution
		SolutionGuid = {C0216D55-A910-4C81-BE68-F4E7B40F2BE4}
	EndGlobalSection
EndGlobal
