<?xml version="1.0" encoding="utf-8"?>
<Project ToolsVersion="4.0" xmlns="http://schemas.microsoft.com/developer/msbuild/2003">
  <ItemGroup>
    <Filter Include="Source Files">
      <UniqueIdentifier>{4FC737F1-C7A5-4376-A066-2A32D752A2FF}</UniqueIdentifier>
      <Extensions>cpp;c;cc;cxx;def;odl;idl;hpj;bat;asm;asmx</Extensions>
    </Filter>
    <Filter Include="Resource Files">
      <UniqueIdentifier>{67DA6AB6-F800-4c08-8B7A-83BB121AAD01}</UniqueIdentifier>
      <Extensions>rc;ico;cur;bmp;dlg;rc2;rct;bin;rgs;gif;jpg;jpeg;jpe;resx;tiff;tif;png;wav</Extensions>
    </Filter>
    <Filter Include="Source Files\Audio">
      <UniqueIdentifier>{61386176-a1b1-4f98-aaaf-04539c5d4183}</UniqueIdentifier>
    </Filter>
    <Filter Include="Source Files\Automation">
      <UniqueIdentifier>{77863e87-4c84-4249-9eca-806b5b2186f7}</UniqueIdentifier>
    </Filter>
    <Filter Include="Source Files\Controls">
      <UniqueIdentifier>{b913423d-0f3b-4696-8f09-a77c680f511e}</UniqueIdentifier>
    </Filter>
    <Filter Include="Source Files\Fonts">
      <UniqueIdentifier>{2aa0ce92-2f1d-4249-8938-447ea9815327}</UniqueIdentifier>
    </Filter>
    <Filter Include="Source Files\Styles">
      <UniqueIdentifier>{07738255-568b-4ad8-8b64-cbe97baff05e}</UniqueIdentifier>
    </Filter>
    <Filter Include="Source Files\Subs">
      <UniqueIdentifier>{a4ccacb4-daa6-43c9-88d5-df284ec78ce7}</UniqueIdentifier>
    </Filter>
    <Filter Include="Source Files\Utils &amp; Config">
      <UniqueIdentifier>{89c49d1b-58a6-409b-9d6c-52398a806332}</UniqueIdentifier>
    </Filter>
    <Filter Include="Source Files\Windows &amp; Dialogs">
      <UniqueIdentifier>{14a881b7-3a0c-4171-b788-67dfa736e531}</UniqueIdentifier>
    </Filter>
    <Filter Include="Source Files\Video">
      <UniqueIdentifier>{8ba4449e-7f5d-4750-a60d-35678ae8751b}</UniqueIdentifier>
    </Filter>
    <Filter Include="Source Files\Video\Visuals">
      <UniqueIdentifier>{030b31e5-8731-43d9-934f-2623a961ec52}</UniqueIdentifier>
    </Filter>
  </ItemGroup>
  <ItemGroup>
    <ClCompile Include="AudioBox.cpp">
      <Filter>Source Files\Audio</Filter>
    </ClCompile>
    <ClCompile Include="AudioDisplay.cpp">
      <Filter>Source Files\Audio</Filter>
    </ClCompile>
    <ClCompile Include="AudioPlayerDSound.cpp">
      <Filter>Source Files\Audio</Filter>
    </ClCompile>
    <ClCompile Include="AudioSpectrum.cpp">
      <Filter>Source Files\Audio</Filter>
    </ClCompile>
    <ClCompile Include="GFFT\GFFT.cpp">
      <Filter>Source Files\Audio</Filter>
    </ClCompile>
    <ClCompile Include="KaraokeSplitting.cpp">
      <Filter>Source Files\Audio</Filter>
    </ClCompile>
    <ClCompile Include="Automation.cpp">
      <Filter>Source Files\Automation</Filter>
    </ClCompile>
    <ClCompile Include="AutomationDialog.cpp">
      <Filter>Source Files\Automation</Filter>
    </ClCompile>
    <ClCompile Include="AutomationFileSystem.cpp">
      <Filter>Source Files\Automation</Filter>
    </ClCompile>
    <ClCompile Include="AutomationHotkeysDialog.cpp">
      <Filter>Source Files\Automation</Filter>
    </ClCompile>
    <ClCompile Include="AutomationLPeg.c">
      <Filter>Source Files\Automation</Filter>
    </ClCompile>
    <ClCompile Include="AutomationProgress.cpp">
      <Filter>Source Files\Automation</Filter>
    </ClCompile>
    <ClCompile Include="AutomationScriptReader.cpp">
      <Filter>Source Files\Automation</Filter>
    </ClCompile>
    <ClCompile Include="AutomationToFile.cpp">
      <Filter>Source Files\Automation</Filter>
    </ClCompile>
    <ClCompile Include="AutomationUtils.cpp">
      <Filter>Source Files\Automation</Filter>
    </ClCompile>
    <ClCompile Include="KaiCheckBox.cpp">
      <Filter>Source Files\Controls</Filter>
    </ClCompile>
    <ClCompile Include="KaiDialog.cpp">
      <Filter>Source Files\Controls</Filter>
    </ClCompile>
    <ClCompile Include="KaiFrame.cpp">
      <Filter>Source Files\Controls</Filter>
    </ClCompile>
    <ClCompile Include="KaiListCtrl.cpp">
      <Filter>Source Files\Controls</Filter>
    </ClCompile>
    <ClCompile Include="KaiMessageBox.cpp">
      <Filter>Source Files\Controls</Filter>
    </ClCompile>
    <ClCompile Include="KaiRadioButton.cpp">
      <Filter>Source Files\Controls</Filter>
    </ClCompile>
    <ClCompile Include="KaiScrollbar.cpp">
      <Filter>Source Files\Controls</Filter>
    </ClCompile>
    <ClCompile Include="KaiSlider.cpp">
      <Filter>Source Files\Controls</Filter>
    </ClCompile>
    <ClCompile Include="KaiStaticBoxSizer.cpp">
      <Filter>Source Files\Controls</Filter>
    </ClCompile>
    <ClCompile Include="KaiStaticText.cpp">
      <Filter>Source Files\Controls</Filter>
    </ClCompile>
    <ClCompile Include="KaiStatusBar.cpp">
      <Filter>Source Files\Controls</Filter>
    </ClCompile>
    <ClCompile Include="KaiTabBar.cpp">
      <Filter>Source Files\Controls</Filter>
    </ClCompile>
    <ClCompile Include="KaiTextCtrl.cpp">
      <Filter>Source Files\Controls</Filter>
    </ClCompile>
    <ClCompile Include="KaiTextValidator.cpp">
      <Filter>Source Files\Controls</Filter>
    </ClCompile>
    <ClCompile Include="KaiTreeBook.cpp">
      <Filter>Source Files\Controls</Filter>
    </ClCompile>
    <ClCompile Include="BitmapButton.cpp">
      <Filter>Source Files\Controls</Filter>
    </ClCompile>
    <ClCompile Include="MappedButton.cpp">
      <Filter>Source Files\Controls</Filter>
    </ClCompile>
    <ClCompile Include="Menu.cpp">
      <Filter>Source Files\Controls</Filter>
    </ClCompile>
    <ClCompile Include="MenuButton.cpp">
      <Filter>Source Files\Controls</Filter>
    </ClCompile>
    <ClCompile Include="MyTextEditor.cpp">
      <Filter>Source Files\Controls</Filter>
    </ClCompile>
    <ClCompile Include="NumCtrl.cpp">
      <Filter>Source Files\Controls</Filter>
    </ClCompile>
    <ClCompile Include="Toolbar.cpp">
      <Filter>Source Files\Controls</Filter>
    </ClCompile>
    <ClCompile Include="TimeCtrl.cpp">
      <Filter>Source Files\Controls</Filter>
    </ClCompile>
    <ClCompile Include="FontCollector.cpp">
      <Filter>Source Files\Fonts</Filter>
    </ClCompile>
    <ClCompile Include="FontDialog.cpp">
      <Filter>Source Files\Fonts</Filter>
    </ClCompile>
    <ClCompile Include="FontEnumerator.cpp">
      <Filter>Source Files\Fonts</Filter>
    </ClCompile>
    <ClCompile Include="StyleChange.cpp">
      <Filter>Source Files\Styles</Filter>
    </ClCompile>
    <ClCompile Include="StyleList.cpp">
      <Filter>Source Files\Styles</Filter>
    </ClCompile>
    <ClCompile Include="Stylelistbox.cpp">
      <Filter>Source Files\Styles</Filter>
    </ClCompile>
    <ClCompile Include="StylePreview.cpp">
      <Filter>Source Files\Styles</Filter>
    </ClCompile>
    <ClCompile Include="Styles.cpp">
      <Filter>Source Files\Styles</Filter>
    </ClCompile>
    <ClCompile Include="StyleStore.cpp">
      <Filter>Source Files\Styles</Filter>
    </ClCompile>
    <ClCompile Include="SubsDialogue.cpp">
      <Filter>Source Files\Subs</Filter>
    </ClCompile>
    <ClCompile Include="SubsFile.cpp">
      <Filter>Source Files\Subs</Filter>
    </ClCompile>
    <ClCompile Include="SubsGrid.cpp">
      <Filter>Source Files\Subs</Filter>
    </ClCompile>
    <ClCompile Include="SubsGridBase.cpp">
      <Filter>Source Files\Subs</Filter>
    </ClCompile>
    <ClCompile Include="SubsGridDialogs.cpp">
      <Filter>Source Files\Subs</Filter>
    </ClCompile>
    <ClCompile Include="SubsGridFiltering.cpp">
      <Filter>Source Files\Subs</Filter>
    </ClCompile>
    <ClCompile Include="SubsGridPreview.cpp">
      <Filter>Source Files\Subs</Filter>
    </ClCompile>
    <ClCompile Include="SubsGridWindow.cpp">
      <Filter>Source Files\Subs</Filter>
    </ClCompile>
    <ClCompile Include="SubsLoader.cpp">
      <Filter>Source Files\Subs</Filter>
    </ClCompile>
    <ClCompile Include="SubsResampleDialog.cpp">
      <Filter>Source Files\Subs</Filter>
    </ClCompile>
    <ClCompile Include="SubsTime.cpp">
      <Filter>Source Files\Subs</Filter>
    </ClCompile>
    <ClCompile Include="Videobox.cpp">
      <Filter>Source Files\Video</Filter>
    </ClCompile>
    <ClCompile Include="VideoFullscreen.cpp">
      <Filter>Source Files\Video</Filter>
    </ClCompile>
    <ClCompile Include="VideoSlider.cpp">
      <Filter>Source Files\Video</Filter>
    </ClCompile>
    <ClCompile Include="VideoToolbar.cpp">
      <Filter>Source Files\Video</Filter>
    </ClCompile>
    <ClCompile Include="DShowPlayer.cpp">
      <Filter>Source Files\Video</Filter>
    </ClCompile>
    <ClCompile Include="DshowRenderer.cpp">
      <Filter>Source Files\Video</Filter>
    </ClCompile>
    <ClCompile Include="ColorSpaceConverter.cpp">
      <Filter>Source Files\Video</Filter>
    </ClCompile>
    <ClCompile Include="ColorPicker.cpp">
      <Filter>Source Files\Windows &amp; Dialogs</Filter>
    </ClCompile>
    <ClCompile Include="EditBox.cpp">
      <Filter>Source Files\Windows &amp; Dialogs</Filter>
    </ClCompile>
    <ClCompile Include="FindReplace.cpp">
      <Filter>Source Files\Windows &amp; Dialogs</Filter>
    </ClCompile>
    <ClCompile Include="KainoteApp.cpp">
      <Filter>Source Files\Windows &amp; Dialogs</Filter>
    </ClCompile>
    <ClCompile Include="KainoteMain.cpp">
      <Filter>Source Files\Windows &amp; Dialogs</Filter>
    </ClCompile>
    <ClCompile Include="NewCatalog.cpp">
      <Filter>Source Files\Windows &amp; Dialogs</Filter>
    </ClCompile>
    <ClCompile Include="OptionsDialog.cpp">
      <Filter>Source Files\Windows &amp; Dialogs</Filter>
    </ClCompile>
    <ClCompile Include="OptionsPanels.cpp">
      <Filter>Source Files\Windows &amp; Dialogs</Filter>
    </ClCompile>
    <ClCompile Include="ProgressDialog.cpp">
      <Filter>Source Files\Windows &amp; Dialogs</Filter>
    </ClCompile>
    <ClCompile Include="ScriptInfo.cpp">
      <Filter>Source Files\Windows &amp; Dialogs</Filter>
    </ClCompile>
    <ClCompile Include="SelectLines.cpp">
      <Filter>Source Files\Windows &amp; Dialogs</Filter>
    </ClCompile>
    <ClCompile Include="SpellCheckerDialog.cpp">
      <Filter>Source Files\Windows &amp; Dialogs</Filter>
    </ClCompile>
    <ClCompile Include="TabPanel.cpp">
      <Filter>Source Files\Windows &amp; Dialogs</Filter>
    </ClCompile>
    <ClCompile Include="Tabs.cpp">
      <Filter>Source Files\Windows &amp; Dialogs</Filter>
    </ClCompile>
    <ClCompile Include="TLDialog.cpp">
      <Filter>Source Files\Windows &amp; Dialogs</Filter>
    </ClCompile>
    <ClCompile Include="ColorSpace.cpp">
      <Filter>Source Files\Utils &amp; Config</Filter>
    </ClCompile>
    <ClCompile Include="Config.cpp">
      <Filter>Source Files\Utils &amp; Config</Filter>
    </ClCompile>
    <ClCompile Include="DropFiles.cpp">
      <Filter>Source Files\Utils &amp; Config</Filter>
    </ClCompile>
    <ClCompile Include="Hotkeys.cpp">
      <Filter>Source Files\Utils &amp; Config</Filter>
    </ClCompile>
    <ClCompile Include="HotkeysNaming.cpp">
      <Filter>Source Files\Utils &amp; Config</Filter>
    </ClCompile>
    <ClCompile Include="MatroskaParser.c">
      <Filter>Source Files\Utils &amp; Config</Filter>
    </ClCompile>
    <ClCompile Include="MKVWrap.cpp">
      <Filter>Source Files\Utils &amp; Config</Filter>
    </ClCompile>
    <ClCompile Include="OpennWrite.cpp">
      <Filter>Source Files\Utils &amp; Config</Filter>
    </ClCompile>
    <ClCompile Include="Registry.cpp">
      <Filter>Source Files\Utils &amp; Config</Filter>
    </ClCompile>
    <ClCompile Include="SpellChecker.cpp">
      <Filter>Source Files\Utils &amp; Config</Filter>
    </ClCompile>
    <ClCompile Include="FindReplaceDialog.cpp">
      <Filter>Source Files\Windows &amp; Dialogs</Filter>
    </ClCompile>
    <ClCompile Include="FindReplaceResultsDialog.cpp">
      <Filter>Source Files\Windows &amp; Dialogs</Filter>
    </ClCompile>
    <ClCompile Include="ListControls.cpp">
      <Filter>Source Files\Controls</Filter>
    </ClCompile>
    <ClCompile Include="KeyframesLoader.cpp">
      <Filter>Source Files\Video</Filter>
    </ClCompile>
    <ClCompile Include="LogHandler.cpp">
      <Filter>Source Files\Utils &amp; Config</Filter>
    </ClCompile>
    <ClCompile Include="KaiWindowResizer.cpp">
      <Filter>Source Files\Controls</Filter>
    </ClCompile>
    <ClCompile Include="MispellReplacerDialog.cpp">
      <Filter>Source Files\Windows &amp; Dialogs</Filter>
    </ClCompile>
    <ClCompile Include="MisspellReplacer.cpp">
      <Filter>Source Files\Windows &amp; Dialogs</Filter>
    </ClCompile>
    <ClCompile Include="CsriMod.cpp">
      <Filter>Source Files\Video</Filter>
    </ClCompile>
    <ClCompile Include="TextEditorTagList.cpp">
      <Filter>Source Files\Controls</Filter>
    </ClCompile>
    <ClCompile Include="GraphicsD2D.cpp">
      <Filter>Source Files\Utils &amp; Config</Filter>
    </ClCompile>
    <ClCompile Include="ShiftTimes.cpp">
      <Filter>Source Files\Windows &amp; Dialogs</Filter>
    </ClCompile>
    <ClCompile Include="KaiGauge.cpp">
      <Filter>Source Files\Controls</Filter>
    </ClCompile>
    <ClCompile Include="Languages.cpp">
      <Filter>Source Files\Utils &amp; Config</Filter>
    </ClCompile>
    <ClCompile Include="Utils.cpp">
      <Filter>Source Files\Utils &amp; Config</Filter>
    </ClCompile>
    <ClCompile Include="ConfigConverter.cpp">
      <Filter>Source Files\Utils &amp; Config</Filter>
    </ClCompile>
    <ClCompile Include="RendererFFMS2.cpp">
      <Filter>Source Files\Video</Filter>
    </ClCompile>
    <ClCompile Include="RendererDirectShow.cpp">
      <Filter>Source Files\Video</Filter>
    </ClCompile>
    <ClCompile Include="RendererVideo.cpp">
      <Filter>Source Files\Video</Filter>
    </ClCompile>
    <ClCompile Include="SubtitlesVSFilter.cpp">
      <Filter>Source Files\Video</Filter>
    </ClCompile>
    <ClCompile Include="SubtitlesLibass.cpp">
      <Filter>Source Files\Video</Filter>
    </ClCompile>
    <ClCompile Include="SubtitlesProviderManager.cpp">
      <Filter>Source Files\Video</Filter>
    </ClCompile>
    <ClCompile Include="VisualClipRect.cpp">
      <Filter>Source Files\Video\Visuals</Filter>
    </ClCompile>
    <ClCompile Include="VisualClips.cpp">
      <Filter>Source Files\Video\Visuals</Filter>
    </ClCompile>
    <ClCompile Include="VisualCross.cpp">
      <Filter>Source Files\Video\Visuals</Filter>
    </ClCompile>
    <ClCompile Include="VisualMove.cpp">
      <Filter>Source Files\Video\Visuals</Filter>
    </ClCompile>
    <ClCompile Include="VisualMoveAll.cpp">
      <Filter>Source Files\Video\Visuals</Filter>
    </ClCompile>
    <ClCompile Include="VisualPosition.cpp">
      <Filter>Source Files\Video\Visuals</Filter>
    </ClCompile>
    <ClCompile Include="VisualRotationXY.cpp">
      <Filter>Source Files\Video\Visuals</Filter>
    </ClCompile>
    <ClCompile Include="VisualRotationZ.cpp">
      <Filter>Source Files\Video\Visuals</Filter>
    </ClCompile>
    <ClCompile Include="Visuals.cpp">
      <Filter>Source Files\Video\Visuals</Filter>
    </ClCompile>
    <ClCompile Include="VisualScale.cpp">
      <Filter>Source Files\Video\Visuals</Filter>
    </ClCompile>
    <ClCompile Include="VisualScaleRotation.cpp">
      <Filter>Source Files\Video\Visuals</Filter>
    </ClCompile>
    <ClCompile Include="ContextDX9.cpp">
      <Filter>Source Files\Video</Filter>
    </ClCompile>
    <ClCompile Include="ContextVulkan.cpp">
      <Filter>Source Files\Video</Filter>
    </ClCompile>
    <ClCompile Include="Context.cpp">
      <Filter>Source Files\Video</Filter>
    </ClCompile>
    <ClCompile Include="LineParse.cpp">
      <Filter>Source Files\Subs</Filter>
    </ClCompile>
    <ClCompile Include="FontCatalogList.cpp">
      <Filter>Source Files\Fonts</Filter>
    </ClCompile>
    <ClCompile Include="BidiConversion.cpp">
      <Filter>Source Files\Controls</Filter>
    </ClCompile>
    <ClCompile Include="AutoSaveOpen.cpp">
      <Filter>Source Files\Windows &amp; Dialogs</Filter>
    </ClCompile>
    <ClCompile Include="AutoSavesRemoving.cpp">
      <Filter>Source Files\Windows &amp; Dialogs</Filter>
    </ClCompile>
    <ClCompile Include="AudioDeviceEnumeration.cpp">
      <Filter>Source Files\Audio</Filter>
    </ClCompile>
    <ClCompile Include="ProviderDummy.cpp">
      <Filter>Source Files\Video</Filter>
    </ClCompile>
    <ClCompile Include="Provider.cpp">
      <Filter>Source Files\Video</Filter>
    </ClCompile>
    <ClCompile Include="ProviderFFMS2.cpp">
      <Filter>Source Files\Video</Filter>
    </ClCompile>
    <ClCompile Include="DummyVideo.cpp">
      <Filter>Source Files\Windows &amp; Dialogs</Filter>
    </ClCompile>
    <ClCompile Include="KaiPanel.cpp">
      <Filter>Source Files\Controls</Filter>
    </ClCompile>
    <ClCompile Include="VisualAllTags.cpp">
      <Filter>Source Files\Video\Visuals</Filter>
    </ClCompile>
    <ClCompile Include="VisualAllTagsEdition.cpp">
      <Filter>Source Files\Video\Visuals</Filter>
    </ClCompile>
  </ItemGroup>
  <ItemGroup>
    <ClInclude Include="AudioBox.h">
      <Filter>Source Files\Audio</Filter>
    </ClInclude>
    <ClInclude Include="AudioDisplay.h">
      <Filter>Source Files\Audio</Filter>
    </ClInclude>
    <ClInclude Include="AudioPlayerDSound.h">
      <Filter>Source Files\Audio</Filter>
    </ClInclude>
    <ClInclude Include="AudioSpectrum.h">
      <Filter>Source Files\Audio</Filter>
    </ClInclude>
    <ClInclude Include="GFFT\GFFT.h">
      <Filter>Source Files\Audio</Filter>
    </ClInclude>
    <ClInclude Include="KaraokeSplitting.h">
      <Filter>Source Files\Audio</Filter>
    </ClInclude>
    <ClInclude Include="Automation.h">
      <Filter>Source Files\Automation</Filter>
    </ClInclude>
    <ClInclude Include="AutomationDialog.h">
      <Filter>Source Files\Automation</Filter>
    </ClInclude>
    <ClInclude Include="AutomationHotkeysDialog.h">
      <Filter>Source Files\Automation</Filter>
    </ClInclude>
    <ClInclude Include="AutomationLPeg.h">
      <Filter>Source Files\Automation</Filter>
    </ClInclude>
    <ClInclude Include="AutomationProgress.h">
      <Filter>Source Files\Automation</Filter>
    </ClInclude>
    <ClInclude Include="AutomationScriptReader.h">
      <Filter>Source Files\Automation</Filter>
    </ClInclude>
    <ClInclude Include="AutomationToFile.h">
      <Filter>Source Files\Automation</Filter>
    </ClInclude>
    <ClInclude Include="AutomationUtils.h">
      <Filter>Source Files\Automation</Filter>
    </ClInclude>
    <ClInclude Include="BitmapButton.h">
      <Filter>Source Files\Controls</Filter>
    </ClInclude>
    <ClInclude Include="KaiCheckBox.h">
      <Filter>Source Files\Controls</Filter>
    </ClInclude>
    <ClInclude Include="KaiDialog.h">
      <Filter>Source Files\Controls</Filter>
    </ClInclude>
    <ClInclude Include="KaiFrame.h">
      <Filter>Source Files\Controls</Filter>
    </ClInclude>
    <ClInclude Include="KaiGauge.h">
      <Filter>Source Files\Controls</Filter>
    </ClInclude>
    <ClInclude Include="KaiListCtrl.h">
      <Filter>Source Files\Controls</Filter>
    </ClInclude>
    <ClInclude Include="KaiMessageBox.h">
      <Filter>Source Files\Controls</Filter>
    </ClInclude>
    <ClInclude Include="KaiRadioButton.h">
      <Filter>Source Files\Controls</Filter>
    </ClInclude>
    <ClInclude Include="KaiScrollbar.h">
      <Filter>Source Files\Controls</Filter>
    </ClInclude>
    <ClInclude Include="KaiSlider.h">
      <Filter>Source Files\Controls</Filter>
    </ClInclude>
    <ClInclude Include="KaiStaticBoxSizer.h">
      <Filter>Source Files\Controls</Filter>
    </ClInclude>
    <ClInclude Include="KaiStaticText.h">
      <Filter>Source Files\Controls</Filter>
    </ClInclude>
    <ClInclude Include="KaiStatusBar.h">
      <Filter>Source Files\Controls</Filter>
    </ClInclude>
    <ClInclude Include="KaiTabBar.h">
      <Filter>Source Files\Controls</Filter>
    </ClInclude>
    <ClInclude Include="KaiTextCtrl.h">
      <Filter>Source Files\Controls</Filter>
    </ClInclude>
    <ClInclude Include="KaiTextValidator.h">
      <Filter>Source Files\Controls</Filter>
    </ClInclude>
    <ClInclude Include="KaiTreebook.h">
      <Filter>Source Files\Controls</Filter>
    </ClInclude>
    <ClInclude Include="KaiWindowResizer.h">
      <Filter>Source Files\Controls</Filter>
    </ClInclude>
    <ClInclude Include="ListControls.h">
      <Filter>Source Files\Controls</Filter>
    </ClInclude>
    <ClInclude Include="MappedButton.h">
      <Filter>Source Files\Controls</Filter>
    </ClInclude>
    <ClInclude Include="Menu.h">
      <Filter>Source Files\Controls</Filter>
    </ClInclude>
    <ClInclude Include="MenuButton.h">
      <Filter>Source Files\Controls</Filter>
    </ClInclude>
    <ClInclude Include="MyTextEditor.h">
      <Filter>Source Files\Controls</Filter>
    </ClInclude>
    <ClInclude Include="NumCtrl.h">
      <Filter>Source Files\Controls</Filter>
    </ClInclude>
    <ClInclude Include="TextEditorTagList.h">
      <Filter>Source Files\Controls</Filter>
    </ClInclude>
    <ClInclude Include="TimeCtrl.h">
      <Filter>Source Files\Controls</Filter>
    </ClInclude>
    <ClInclude Include="Toolbar.h">
      <Filter>Source Files\Controls</Filter>
    </ClInclude>
    <ClInclude Include="FontCollector.h">
      <Filter>Source Files\Fonts</Filter>
    </ClInclude>
    <ClInclude Include="FontDialog.h">
      <Filter>Source Files\Fonts</Filter>
    </ClInclude>
    <ClInclude Include="FontEnumerator.h">
      <Filter>Source Files\Fonts</Filter>
    </ClInclude>
    <ClInclude Include="StyleChange.h">
      <Filter>Source Files\Styles</Filter>
    </ClInclude>
    <ClInclude Include="StyleList.h">
      <Filter>Source Files\Styles</Filter>
    </ClInclude>
    <ClInclude Include="Stylelistbox.h">
      <Filter>Source Files\Styles</Filter>
    </ClInclude>
    <ClInclude Include="StylePreview.h">
      <Filter>Source Files\Styles</Filter>
    </ClInclude>
    <ClInclude Include="Styles.h">
      <Filter>Source Files\Styles</Filter>
    </ClInclude>
    <ClInclude Include="StyleStore.h">
      <Filter>Source Files\Styles</Filter>
    </ClInclude>
    <ClInclude Include="SubsDialogue.h">
      <Filter>Source Files\Subs</Filter>
    </ClInclude>
    <ClInclude Include="SubsFile.h">
      <Filter>Source Files\Subs</Filter>
    </ClInclude>
    <ClInclude Include="SubsGrid.h">
      <Filter>Source Files\Subs</Filter>
    </ClInclude>
    <ClInclude Include="SubsGridBase.h">
      <Filter>Source Files\Subs</Filter>
    </ClInclude>
    <ClInclude Include="SubsGridDialogs.h">
      <Filter>Source Files\Subs</Filter>
    </ClInclude>
    <ClInclude Include="SubsGridFiltering.h">
      <Filter>Source Files\Subs</Filter>
    </ClInclude>
    <ClInclude Include="SubsGridPreview.h">
      <Filter>Source Files\Subs</Filter>
    </ClInclude>
    <ClInclude Include="SubsGridWindow.h">
      <Filter>Source Files\Subs</Filter>
    </ClInclude>
    <ClInclude Include="SubsLoader.h">
      <Filter>Source Files\Subs</Filter>
    </ClInclude>
    <ClInclude Include="SubsResampleDialog.h">
      <Filter>Source Files\Subs</Filter>
    </ClInclude>
    <ClInclude Include="SubsTime.h">
      <Filter>Source Files\Subs</Filter>
    </ClInclude>
    <ClInclude Include="ColorSpace.h">
      <Filter>Source Files\Utils &amp; Config</Filter>
    </ClInclude>
    <ClInclude Include="Config.h">
      <Filter>Source Files\Utils &amp; Config</Filter>
    </ClInclude>
    <ClInclude Include="D2DInit.h">
      <Filter>Source Files\Utils &amp; Config</Filter>
    </ClInclude>
    <ClInclude Include="DropFiles.h">
      <Filter>Source Files\Utils &amp; Config</Filter>
    </ClInclude>
    <ClInclude Include="EnumFactory.h">
      <Filter>Source Files\Utils &amp; Config</Filter>
    </ClInclude>
    <ClInclude Include="GraphicsD2D.h">
      <Filter>Source Files\Utils &amp; Config</Filter>
    </ClInclude>
    <ClInclude Include="Hotkeys.h">
      <Filter>Source Files\Utils &amp; Config</Filter>
    </ClInclude>
    <ClInclude Include="HotkeysNaming.h">
      <Filter>Source Files\Utils &amp; Config</Filter>
    </ClInclude>
    <ClInclude Include="LogHandler.h">
      <Filter>Source Files\Utils &amp; Config</Filter>
    </ClInclude>
    <ClInclude Include="MatroskaParser.h">
      <Filter>Source Files\Utils &amp; Config</Filter>
    </ClInclude>
    <ClInclude Include="MKVWrap.h">
      <Filter>Source Files\Utils &amp; Config</Filter>
    </ClInclude>
    <ClInclude Include="OpennWrite.h">
      <Filter>Source Files\Utils &amp; Config</Filter>
    </ClInclude>
    <ClInclude Include="Registry.h">
      <Filter>Source Files\Utils &amp; Config</Filter>
    </ClInclude>
    <ClInclude Include="resource.h">
      <Filter>Source Files\Utils &amp; Config</Filter>
    </ClInclude>
    <ClInclude Include="SpellChecker.h">
      <Filter>Source Files\Utils &amp; Config</Filter>
    </ClInclude>
    <ClInclude Include="Utils.h">
      <Filter>Source Files\Utils &amp; Config</Filter>
    </ClInclude>
    <ClInclude Include="VersionKainote.h">
      <Filter>Source Files\Utils &amp; Config</Filter>
    </ClInclude>
    <ClInclude Include="ColorSpaceConverter.h">
      <Filter>Source Files\Video</Filter>
    </ClInclude>
    <ClInclude Include="CsriMod.h">
      <Filter>Source Files\Video</Filter>
    </ClInclude>
    <ClInclude Include="DShowPlayer.h">
      <Filter>Source Files\Video</Filter>
    </ClInclude>
    <ClInclude Include="DshowRenderer.h">
      <Filter>Source Files\Video</Filter>
    </ClInclude>
    <ClInclude Include="KeyframesLoader.h">
      <Filter>Source Files\Video</Filter>
    </ClInclude>
    <ClInclude Include="Videobox.h">
      <Filter>Source Files\Video</Filter>
    </ClInclude>
    <ClInclude Include="VideoFullscreen.h">
      <Filter>Source Files\Video</Filter>
    </ClInclude>
    <ClInclude Include="VideoSlider.h">
      <Filter>Source Files\Video</Filter>
    </ClInclude>
    <ClInclude Include="VideoToolbar.h">
      <Filter>Source Files\Video</Filter>
    </ClInclude>
    <ClInclude Include="ColorPicker.h">
      <Filter>Source Files\Windows &amp; Dialogs</Filter>
    </ClInclude>
    <ClInclude Include="EditBox.h">
      <Filter>Source Files\Windows &amp; Dialogs</Filter>
    </ClInclude>
    <ClInclude Include="FindReplace.h">
      <Filter>Source Files\Windows &amp; Dialogs</Filter>
    </ClInclude>
    <ClInclude Include="FindReplaceDialog.h">
      <Filter>Source Files\Windows &amp; Dialogs</Filter>
    </ClInclude>
    <ClInclude Include="FindReplaceResultsDialog.h">
      <Filter>Source Files\Windows &amp; Dialogs</Filter>
    </ClInclude>
    <ClInclude Include="KainoteApp.h">
      <Filter>Source Files\Windows &amp; Dialogs</Filter>
    </ClInclude>
    <ClInclude Include="KainoteMain.h">
      <Filter>Source Files\Windows &amp; Dialogs</Filter>
    </ClInclude>
    <ClInclude Include="MispellReplacerDialog.h">
      <Filter>Source Files\Windows &amp; Dialogs</Filter>
    </ClInclude>
    <ClInclude Include="MisspellReplacer.h">
      <Filter>Source Files\Windows &amp; Dialogs</Filter>
    </ClInclude>
    <ClInclude Include="NewCatalog.h">
      <Filter>Source Files\Windows &amp; Dialogs</Filter>
    </ClInclude>
    <ClInclude Include="OptionsDialog.h">
      <Filter>Source Files\Windows &amp; Dialogs</Filter>
    </ClInclude>
    <ClInclude Include="OptionsPanels.h">
      <Filter>Source Files\Windows &amp; Dialogs</Filter>
    </ClInclude>
    <ClInclude Include="ProgressDialog.h">
      <Filter>Source Files\Windows &amp; Dialogs</Filter>
    </ClInclude>
    <ClInclude Include="ScriptInfo.h">
      <Filter>Source Files\Windows &amp; Dialogs</Filter>
    </ClInclude>
    <ClInclude Include="SelectLines.h">
      <Filter>Source Files\Windows &amp; Dialogs</Filter>
    </ClInclude>
    <ClInclude Include="ShiftTimes.h">
      <Filter>Source Files\Windows &amp; Dialogs</Filter>
    </ClInclude>
    <ClInclude Include="SpellCheckerDialog.h">
      <Filter>Source Files\Windows &amp; Dialogs</Filter>
    </ClInclude>
    <ClInclude Include="TabPanel.h">
      <Filter>Source Files\Windows &amp; Dialogs</Filter>
    </ClInclude>
    <ClInclude Include="Tabs.h">
      <Filter>Source Files\Windows &amp; Dialogs</Filter>
    </ClInclude>
    <ClInclude Include="TLDialog.h">
      <Filter>Source Files\Windows &amp; Dialogs</Filter>
    </ClInclude>
    <ClInclude Include="ConfigConverter.h">
      <Filter>Source Files\Utils &amp; Config</Filter>
    </ClInclude>
    <ClInclude Include="RendererFFMS2.h">
      <Filter>Source Files\Video</Filter>
    </ClInclude>
    <ClInclude Include="RendererDirectShow.h">
      <Filter>Source Files\Video</Filter>
    </ClInclude>
    <ClInclude Include="RendererVideo.h">
      <Filter>Source Files\Video</Filter>
    </ClInclude>
    <ClInclude Include="SubtitlesProvider.h">
      <Filter>Source Files\Video</Filter>
    </ClInclude>
    <ClInclude Include="SubtitlesProviderManager.h">
      <Filter>Source Files\Video</Filter>
    </ClInclude>
    <ClInclude Include="Visuals.h">
      <Filter>Source Files\Video\Visuals</Filter>
    </ClInclude>
    <ClInclude Include="ContextDX9.h">
      <Filter>Source Files\Video</Filter>
    </ClInclude>
    <ClInclude Include="ContextVulkan.h">
      <Filter>Source Files\Video</Filter>
    </ClInclude>
    <ClInclude Include="Context.h">
      <Filter>Source Files\Video</Filter>
    </ClInclude>
    <ClInclude Include="LineParse.h">
      <Filter>Source Files\Subs</Filter>
    </ClInclude>
    <ClInclude Include="FontCatalogList.h">
      <Filter>Source Files\Fonts</Filter>
    </ClInclude>
    <ClInclude Include="BidiConversion.h">
      <Filter>Source Files\Controls</Filter>
    </ClInclude>
    <ClInclude Include="AutoSaveOpen.h">
      <Filter>Source Files\Windows &amp; Dialogs</Filter>
    </ClInclude>
    <ClInclude Include="AutoSavesRemoving.h">
      <Filter>Source Files\Windows &amp; Dialogs</Filter>
    </ClInclude>
    <ClInclude Include="AudioDeviceEnumeration.h">
      <Filter>Source Files\Audio</Filter>
    </ClInclude>
    <ClInclude Include="ProviderDummy.h">
      <Filter>Source Files\Video</Filter>
    </ClInclude>
    <ClInclude Include="Provider.h">
      <Filter>Source Files\Video</Filter>
    </ClInclude>
    <ClInclude Include="ProviderFFMS2.h">
      <Filter>Source Files\Video</Filter>
    </ClInclude>
    <ClInclude Include="DummyVideo.h">
      <Filter>Source Files\Windows &amp; Dialogs</Filter>
    </ClInclude>
    <ClInclude Include="KaiPanel.h">
      <Filter>Source Files\Controls</Filter>
    </ClInclude>
    <ClInclude Include="VisualAllTagsEdition.h">
      <Filter>Source Files\Video\Visuals</Filter>
    </ClInclude>
  </ItemGroup>
  <ItemGroup>
    <ResourceCompile Include="resource.rc">
      <Filter>Resource Files</Filter>
    </ResourceCompile>
  </ItemGroup>
  <ItemGroup>
    <None Include="kai.ico">
      <Filter>Resource Files</Filter>
    </None>
    <None Include="Bitmaps\blank.cur">
      <Filter>Resource Files</Filter>
    </None>
    <None Include="Bitmaps\button_link.bmp">
      <Filter>Resource Files</Filter>
    </None>
    <None Include="Bitmaps\eyedropper.cur">
      <Filter>Resource Files</Filter>
    </None>
    <None Include="bitmaps\rcdata1.bin">
      <Filter>Resource Files</Filter>
    </None>
  </ItemGroup>
</Project>