<?xml version="1.0" encoding="utf-8"?>
<Project ToolsVersion="4.0" xmlns="http://schemas.microsoft.com/developer/msbuild/2003">
  <ItemGroup>
    <Filter Include="Source Files">
      <UniqueIdentifier>{4FC737F1-C7A5-4376-A066-2A32D752A2FF}</UniqueIdentifier>
      <Extensions>cpp;c;cc;cxx;def;odl;idl;hpj;bat;asm;asmx</Extensions>
    </Filter>
    <Filter Include="Header Files">
      <UniqueIdentifier>{93995380-89BD-4b04-88EB-625FBE52EBFB}</UniqueIdentifier>
      <Extensions>h;hpp;hxx;hm;inl;inc;xsd</Extensions>
    </Filter>
    <Filter Include="Resource Files">
      <UniqueIdentifier>{67DA6AB6-F800-4c08-8B7A-83BB121AAD01}</UniqueIdentifier>
      <Extensions>rc;ico;cur;bmp;dlg;rc2;rct;bin;rgs;gif;jpg;jpeg;jpe;resx;tiff;tif;png;wav</Extensions>
    </Filter>
    <Filter Include="Header Files\Audio">
      <UniqueIdentifier>{fb524458-4501-4a5f-a272-b17aa7173d91}</UniqueIdentifier>
    </Filter>
    <Filter Include="Header Files\Automation">
      <UniqueIdentifier>{64cbbe00-e41e-4e9d-b121-679107d62803}</UniqueIdentifier>
    </Filter>
    <Filter Include="Header Files\Controls">
      <UniqueIdentifier>{aa1b55ea-ce14-4340-ac00-a4d4971a2e99}</UniqueIdentifier>
    </Filter>
    <Filter Include="Header Files\Subs">
      <UniqueIdentifier>{dabe59be-b301-47a4-810a-796c752b1453}</UniqueIdentifier>
    </Filter>
    <Filter Include="Header Files\Video">
      <UniqueIdentifier>{bb4d9894-a69e-4e70-89e1-2cb001a88743}</UniqueIdentifier>
    </Filter>
    <Filter Include="Header Files\Styles">
      <UniqueIdentifier>{5f33d49e-eaec-40c9-8f12-700a2dd92a14}</UniqueIdentifier>
    </Filter>
    <Filter Include="Header Files\Fonts">
      <UniqueIdentifier>{20f952de-6d34-4f2b-a2e2-a223ac3486d1}</UniqueIdentifier>
    </Filter>
    <Filter Include="Header Files\Windows &amp; Dialogs">
      <UniqueIdentifier>{319527d3-65b9-4bb3-8ecf-77027aa4222a}</UniqueIdentifier>
    </Filter>
    <Filter Include="Header Files\Utils &amp; Config">
      <UniqueIdentifier>{b26cff62-6614-4706-94bd-3edca4f8a452}</UniqueIdentifier>
    </Filter>
    <Filter Include="Source Files\Audio">
      <UniqueIdentifier>{61386176-a1b1-4f98-aaaf-04539c5d4183}</UniqueIdentifier>
    </Filter>
    <Filter Include="Source Files\Automation">
      <UniqueIdentifier>{77863e87-4c84-4249-9eca-806b5b2186f7}</UniqueIdentifier>
    </Filter>
    <Filter Include="Source Files\Controls">
      <UniqueIdentifier>{b913423d-0f3b-4696-8f09-a77c680f511e}</UniqueIdentifier>
    </Filter>
    <Filter Include="Source Files\Fonts">
      <UniqueIdentifier>{2aa0ce92-2f1d-4249-8938-447ea9815327}</UniqueIdentifier>
    </Filter>
    <Filter Include="Source Files\Styles">
      <UniqueIdentifier>{07738255-568b-4ad8-8b64-cbe97baff05e}</UniqueIdentifier>
    </Filter>
    <Filter Include="Source Files\Subs">
      <UniqueIdentifier>{a4ccacb4-daa6-43c9-88d5-df284ec78ce7}</UniqueIdentifier>
    </Filter>
    <Filter Include="Source Files\Utils &amp; Config">
      <UniqueIdentifier>{89c49d1b-58a6-409b-9d6c-52398a806332}</UniqueIdentifier>
    </Filter>
    <Filter Include="Source Files\Windows &amp; Dialogs">
      <UniqueIdentifier>{14a881b7-3a0c-4171-b788-67dfa736e531}</UniqueIdentifier>
    </Filter>
    <Filter Include="Source Files\Video">
      <UniqueIdentifier>{8ba4449e-7f5d-4750-a60d-35678ae8751b}</UniqueIdentifier>
    </Filter>
  </ItemGroup>
  <ItemGroup>
    <ClCompile Include="AudioBox.cpp">
      <Filter>Source Files\Audio</Filter>
    </ClCompile>
    <ClCompile Include="AudioDisplay.cpp">
      <Filter>Source Files\Audio</Filter>
    </ClCompile>
    <ClCompile Include="AudioPlayerDSound.cpp">
      <Filter>Source Files\Audio</Filter>
    </ClCompile>
    <ClCompile Include="AudioSpectrum.cpp">
      <Filter>Source Files\Audio</Filter>
    </ClCompile>
    <ClCompile Include="GFFT\GFFT.cpp">
      <Filter>Source Files\Audio</Filter>
    </ClCompile>
    <ClCompile Include="KaraokeSplitting.cpp">
      <Filter>Source Files\Audio</Filter>
    </ClCompile>
    <ClCompile Include="Automation.cpp">
      <Filter>Source Files\Automation</Filter>
    </ClCompile>
    <ClCompile Include="AutomationDialog.cpp">
      <Filter>Source Files\Automation</Filter>
    </ClCompile>
    <ClCompile Include="AutomationFileSystem.cpp">
      <Filter>Source Files\Automation</Filter>
    </ClCompile>
    <ClCompile Include="AutomationHotkeysDialog.cpp">
      <Filter>Source Files\Automation</Filter>
    </ClCompile>
    <ClCompile Include="AutomationLPeg.c">
      <Filter>Source Files\Automation</Filter>
    </ClCompile>
    <ClCompile Include="AutomationProgress.cpp">
      <Filter>Source Files\Automation</Filter>
    </ClCompile>
    <ClCompile Include="AutomationScriptReader.cpp">
      <Filter>Source Files\Automation</Filter>
    </ClCompile>
    <ClCompile Include="AutomationToFile.cpp">
      <Filter>Source Files\Automation</Filter>
    </ClCompile>
    <ClCompile Include="AutomationUtils.cpp">
      <Filter>Source Files\Automation</Filter>
    </ClCompile>
    <ClCompile Include="KaiCheckBox.cpp">
      <Filter>Source Files\Controls</Filter>
    </ClCompile>
    <ClCompile Include="KaiDialog.cpp">
      <Filter>Source Files\Controls</Filter>
    </ClCompile>
    <ClCompile Include="KaiFrame.cpp">
      <Filter>Source Files\Controls</Filter>
    </ClCompile>
    <ClCompile Include="KaiListCtrl.cpp">
      <Filter>Source Files\Controls</Filter>
    </ClCompile>
    <ClCompile Include="KaiMessageBox.cpp">
      <Filter>Source Files\Controls</Filter>
    </ClCompile>
    <ClCompile Include="KaiRadioButton.cpp">
      <Filter>Source Files\Controls</Filter>
    </ClCompile>
    <ClCompile Include="KaiScrollbar.cpp">
      <Filter>Source Files\Controls</Filter>
    </ClCompile>
    <ClCompile Include="KaiSlider.cpp">
      <Filter>Source Files\Controls</Filter>
    </ClCompile>
    <ClCompile Include="KaiStaticBoxSizer.cpp">
      <Filter>Source Files\Controls</Filter>
    </ClCompile>
    <ClCompile Include="KaiStaticText.cpp">
      <Filter>Source Files\Controls</Filter>
    </ClCompile>
    <ClCompile Include="KaiStatusBar.cpp">
      <Filter>Source Files\Controls</Filter>
    </ClCompile>
    <ClCompile Include="KaiTabBar.cpp">
      <Filter>Source Files\Controls</Filter>
    </ClCompile>
    <ClCompile Include="KaiTextCtrl.cpp">
      <Filter>Source Files\Controls</Filter>
    </ClCompile>
    <ClCompile Include="KaiTextValidator.cpp">
      <Filter>Source Files\Controls</Filter>
    </ClCompile>
    <ClCompile Include="KaiTreeBook.cpp">
      <Filter>Source Files\Controls</Filter>
    </ClCompile>
    <ClCompile Include="BitmapButton.cpp">
      <Filter>Source Files\Controls</Filter>
    </ClCompile>
    <ClCompile Include="MappedButton.cpp">
      <Filter>Source Files\Controls</Filter>
    </ClCompile>
    <ClCompile Include="Menu.cpp">
      <Filter>Source Files\Controls</Filter>
    </ClCompile>
    <ClCompile Include="MenuButton.cpp">
      <Filter>Source Files\Controls</Filter>
    </ClCompile>
    <ClCompile Include="MyTextEditor.cpp">
      <Filter>Source Files\Controls</Filter>
    </ClCompile>
    <ClCompile Include="NumCtrl.cpp">
      <Filter>Source Files\Controls</Filter>
    </ClCompile>
    <ClCompile Include="Toolbar.cpp">
      <Filter>Source Files\Controls</Filter>
    </ClCompile>
    <ClCompile Include="TimeCtrl.cpp">
      <Filter>Source Files\Controls</Filter>
    </ClCompile>
    <ClCompile Include="FontCollector.cpp">
      <Filter>Source Files\Fonts</Filter>
    </ClCompile>
    <ClCompile Include="FontDialog.cpp">
      <Filter>Source Files\Fonts</Filter>
    </ClCompile>
    <ClCompile Include="FontEnumerator.cpp">
      <Filter>Source Files\Fonts</Filter>
    </ClCompile>
    <ClCompile Include="StyleChange.cpp">
      <Filter>Source Files\Styles</Filter>
    </ClCompile>
    <ClCompile Include="StyleList.cpp">
      <Filter>Source Files\Styles</Filter>
    </ClCompile>
    <ClCompile Include="Stylelistbox.cpp">
      <Filter>Source Files\Styles</Filter>
    </ClCompile>
    <ClCompile Include="StylePreview.cpp">
      <Filter>Source Files\Styles</Filter>
    </ClCompile>
    <ClCompile Include="Styles.cpp">
      <Filter>Source Files\Styles</Filter>
    </ClCompile>
    <ClCompile Include="StyleStore.cpp">
      <Filter>Source Files\Styles</Filter>
    </ClCompile>
    <ClCompile Include="SubsDialogue.cpp">
      <Filter>Source Files\Subs</Filter>
    </ClCompile>
    <ClCompile Include="SubsFile.cpp">
      <Filter>Source Files\Subs</Filter>
    </ClCompile>
    <ClCompile Include="SubsGrid.cpp">
      <Filter>Source Files\Subs</Filter>
    </ClCompile>
    <ClCompile Include="SubsGridBase.cpp">
      <Filter>Source Files\Subs</Filter>
    </ClCompile>
    <ClCompile Include="SubsGridDialogs.cpp">
      <Filter>Source Files\Subs</Filter>
    </ClCompile>
    <ClCompile Include="SubsGridFiltering.cpp">
      <Filter>Source Files\Subs</Filter>
    </ClCompile>
    <ClCompile Include="SubsGridPreview.cpp">
      <Filter>Source Files\Subs</Filter>
    </ClCompile>
    <ClCompile Include="SubsGridWindow.cpp">
      <Filter>Source Files\Subs</Filter>
    </ClCompile>
    <ClCompile Include="SubsLoader.cpp">
      <Filter>Source Files\Subs</Filter>
    </ClCompile>
    <ClCompile Include="SubsResampleDialog.cpp">
      <Filter>Source Files\Subs</Filter>
    </ClCompile>
    <ClCompile Include="SubsTime.cpp">
      <Filter>Source Files\Subs</Filter>
    </ClCompile>
    <ClCompile Include="Videobox.cpp">
      <Filter>Source Files\Video</Filter>
    </ClCompile>
    <ClCompile Include="VideoFfmpeg.cpp">
      <Filter>Source Files\Video</Filter>
    </ClCompile>
    <ClCompile Include="VideoFullscreen.cpp">
      <Filter>Source Files\Video</Filter>
    </ClCompile>
    <ClCompile Include="VideoRenderer.cpp">
      <Filter>Source Files\Video</Filter>
    </ClCompile>
    <ClCompile Include="VideoSlider.cpp">
      <Filter>Source Files\Video</Filter>
    </ClCompile>
    <ClCompile Include="VideoToolbar.cpp">
      <Filter>Source Files\Video</Filter>
    </ClCompile>
    <ClCompile Include="VisualClipRect.cpp">
      <Filter>Source Files\Video</Filter>
    </ClCompile>
    <ClCompile Include="VisualClips.cpp">
      <Filter>Source Files\Video</Filter>
    </ClCompile>
    <ClCompile Include="VisualMove.cpp">
      <Filter>Source Files\Video</Filter>
    </ClCompile>
    <ClCompile Include="VisualMoveAll.cpp">
      <Filter>Source Files\Video</Filter>
    </ClCompile>
    <ClCompile Include="VisualPosition.cpp">
      <Filter>Source Files\Video</Filter>
    </ClCompile>
    <ClCompile Include="VisualRotationXY.cpp">
      <Filter>Source Files\Video</Filter>
    </ClCompile>
    <ClCompile Include="VisualRotationZ.cpp">
      <Filter>Source Files\Video</Filter>
    </ClCompile>
    <ClCompile Include="Visuals.cpp">
      <Filter>Source Files\Video</Filter>
    </ClCompile>
    <ClCompile Include="VisualScale.cpp">
      <Filter>Source Files\Video</Filter>
    </ClCompile>
    <ClCompile Include="Vsfilterapi.cpp">
      <Filter>Source Files\Video</Filter>
    </ClCompile>
    <ClCompile Include="DShowPlayer.cpp">
      <Filter>Source Files\Video</Filter>
    </ClCompile>
    <ClCompile Include="DshowRenderer.cpp">
      <Filter>Source Files\Video</Filter>
    </ClCompile>
    <ClCompile Include="ColorSpaceConverter.cpp">
      <Filter>Source Files\Video</Filter>
    </ClCompile>
    <ClCompile Include="ChangeTime.cpp">
      <Filter>Source Files\Windows &amp; Dialogs</Filter>
    </ClCompile>
    <ClCompile Include="ColorPicker.cpp">
      <Filter>Source Files\Windows &amp; Dialogs</Filter>
    </ClCompile>
    <ClCompile Include="EditBox.cpp">
      <Filter>Source Files\Windows &amp; Dialogs</Filter>
    </ClCompile>
    <ClCompile Include="FindReplace.cpp">
      <Filter>Source Files\Windows &amp; Dialogs</Filter>
    </ClCompile>
    <ClCompile Include="KainoteApp.cpp">
      <Filter>Source Files\Windows &amp; Dialogs</Filter>
    </ClCompile>
    <ClCompile Include="KainoteMain.cpp">
      <Filter>Source Files\Windows &amp; Dialogs</Filter>
    </ClCompile>
    <ClCompile Include="NewCatalog.cpp">
      <Filter>Source Files\Windows &amp; Dialogs</Filter>
    </ClCompile>
    <ClCompile Include="OptionsDialog.cpp">
      <Filter>Source Files\Windows &amp; Dialogs</Filter>
    </ClCompile>
    <ClCompile Include="OptionsPanels.cpp">
      <Filter>Source Files\Windows &amp; Dialogs</Filter>
    </ClCompile>
    <ClCompile Include="ProgressDialog.cpp">
      <Filter>Source Files\Windows &amp; Dialogs</Filter>
    </ClCompile>
    <ClCompile Include="ScriptInfo.cpp">
      <Filter>Source Files\Windows &amp; Dialogs</Filter>
    </ClCompile>
    <ClCompile Include="SelectLines.cpp">
      <Filter>Source Files\Windows &amp; Dialogs</Filter>
    </ClCompile>
    <ClCompile Include="SpellCheckerDialog.cpp">
      <Filter>Source Files\Windows &amp; Dialogs</Filter>
    </ClCompile>
    <ClCompile Include="TabPanel.cpp">
      <Filter>Source Files\Windows &amp; Dialogs</Filter>
    </ClCompile>
    <ClCompile Include="Tabs.cpp">
      <Filter>Source Files\Windows &amp; Dialogs</Filter>
    </ClCompile>
    <ClCompile Include="TLDialog.cpp">
      <Filter>Source Files\Windows &amp; Dialogs</Filter>
    </ClCompile>
    <ClCompile Include="AVLtree.cpp">
      <Filter>Source Files\Utils &amp; Config</Filter>
    </ClCompile>
    <ClCompile Include="ColorSpace.cpp">
      <Filter>Source Files\Utils &amp; Config</Filter>
    </ClCompile>
    <ClCompile Include="Config.cpp">
      <Filter>Source Files\Utils &amp; Config</Filter>
    </ClCompile>
    <ClCompile Include="DropFiles.cpp">
      <Filter>Source Files\Utils &amp; Config</Filter>
    </ClCompile>
    <ClCompile Include="Hotkeys.cpp">
      <Filter>Source Files\Utils &amp; Config</Filter>
    </ClCompile>
    <ClCompile Include="HotkeysNaming.cpp">
      <Filter>Source Files\Utils &amp; Config</Filter>
    </ClCompile>
    <ClCompile Include="MatroskaParser.c">
      <Filter>Source Files\Utils &amp; Config</Filter>
    </ClCompile>
    <ClCompile Include="MKVWrap.cpp">
      <Filter>Source Files\Utils &amp; Config</Filter>
    </ClCompile>
    <ClCompile Include="OpennWrite.cpp">
      <Filter>Source Files\Utils &amp; Config</Filter>
    </ClCompile>
    <ClCompile Include="Registry.cpp">
      <Filter>Source Files\Utils &amp; Config</Filter>
    </ClCompile>
    <ClCompile Include="SpellChecker.cpp">
      <Filter>Source Files\Utils &amp; Config</Filter>
    </ClCompile>
    <ClCompile Include="FindReplaceDialog.cpp">
      <Filter>Source Files\Windows &amp; Dialogs</Filter>
    </ClCompile>
    <ClCompile Include="FindReplaceResultsDialog.cpp">
      <Filter>Source Files\Windows &amp; Dialogs</Filter>
    </ClCompile>
    <ClCompile Include="ListControls.cpp">
      <Filter>Source Files\Controls</Filter>
    </ClCompile>
    <ClCompile Include="KeyframesLoader.cpp">
      <Filter>Source Files\Video</Filter>
    </ClCompile>
    <ClCompile Include="LogHandler.cpp">
      <Filter>Source Files\Utils &amp; Config</Filter>
    </ClCompile>
    <ClCompile Include="VisualScaleRotation.cpp">
      <Filter>Source Files\Video</Filter>
    </ClCompile>
  </ItemGroup>
  <ItemGroup>
    <ClInclude Include="AudioBox.h">
      <Filter>Header Files\Audio</Filter>
    </ClInclude>
    <ClInclude Include="AudioDisplay.h">
      <Filter>Header Files\Audio</Filter>
    </ClInclude>
    <ClInclude Include="AudioPlayerDSound.h">
      <Filter>Header Files\Audio</Filter>
    </ClInclude>
    <ClInclude Include="AudioSpectrum.h">
      <Filter>Header Files\Audio</Filter>
    </ClInclude>
    <ClInclude Include="AutomationUtils.h">
      <Filter>Header Files\Automation</Filter>
    </ClInclude>
    <ClInclude Include="Automation.h">
      <Filter>Header Files\Automation</Filter>
    </ClInclude>
    <ClInclude Include="AutomationDialog.h">
      <Filter>Header Files\Automation</Filter>
    </ClInclude>
    <ClInclude Include="AutomationLPeg.h">
      <Filter>Header Files\Automation</Filter>
    </ClInclude>
    <ClInclude Include="AutomationProgress.h">
      <Filter>Header Files\Automation</Filter>
    </ClInclude>
    <ClInclude Include="AutomationScriptReader.h">
      <Filter>Header Files\Automation</Filter>
    </ClInclude>
    <ClInclude Include="AutomationToFile.h">
      <Filter>Header Files\Automation</Filter>
    </ClInclude>
    <ClInclude Include="KaiCheckBox.h">
      <Filter>Header Files\Controls</Filter>
    </ClInclude>
    <ClInclude Include="KaiDialog.h">
      <Filter>Header Files\Controls</Filter>
    </ClInclude>
    <ClInclude Include="KaiFrame.h">
      <Filter>Header Files\Controls</Filter>
    </ClInclude>
    <ClInclude Include="KaiListCtrl.h">
      <Filter>Header Files\Controls</Filter>
    </ClInclude>
    <ClInclude Include="KaiMessageBox.h">
      <Filter>Header Files\Controls</Filter>
    </ClInclude>
    <ClInclude Include="KaiRadioButton.h">
      <Filter>Header Files\Controls</Filter>
    </ClInclude>
    <ClInclude Include="KaiScrollbar.h">
      <Filter>Header Files\Controls</Filter>
    </ClInclude>
    <ClInclude Include="KaiSlider.h">
      <Filter>Header Files\Controls</Filter>
    </ClInclude>
    <ClInclude Include="KaiStaticBoxSizer.h">
      <Filter>Header Files\Controls</Filter>
    </ClInclude>
    <ClInclude Include="KaiStaticText.h">
      <Filter>Header Files\Controls</Filter>
    </ClInclude>
    <ClInclude Include="KaiStatusBar.h">
      <Filter>Header Files\Controls</Filter>
    </ClInclude>
    <ClInclude Include="KaiTextCtrl.h">
      <Filter>Header Files\Controls</Filter>
    </ClInclude>
    <ClInclude Include="KaiTextValidator.h">
      <Filter>Header Files\Controls</Filter>
    </ClInclude>
    <ClInclude Include="KaiTreebook.h">
      <Filter>Header Files\Controls</Filter>
    </ClInclude>
    <ClInclude Include="ListControls.h">
      <Filter>Header Files\Controls</Filter>
    </ClInclude>
    <ClInclude Include="MappedButton.h">
      <Filter>Header Files\Controls</Filter>
    </ClInclude>
    <ClInclude Include="BitmapButton.h">
      <Filter>Header Files\Controls</Filter>
    </ClInclude>
    <ClInclude Include="SubsDialogue.h">
      <Filter>Header Files\Subs</Filter>
    </ClInclude>
    <ClInclude Include="SubsFile.h">
      <Filter>Header Files\Subs</Filter>
    </ClInclude>
    <ClInclude Include="SubsGrid.h">
      <Filter>Header Files\Subs</Filter>
    </ClInclude>
    <ClInclude Include="SubsGridBase.h">
      <Filter>Header Files\Subs</Filter>
    </ClInclude>
    <ClInclude Include="SubsGridFiltering.h">
      <Filter>Header Files\Subs</Filter>
    </ClInclude>
    <ClInclude Include="SubsGridPreview.h">
      <Filter>Header Files\Subs</Filter>
    </ClInclude>
    <ClInclude Include="SubsGridWindow.h">
      <Filter>Header Files\Subs</Filter>
    </ClInclude>
    <ClInclude Include="SubsLoader.h">
      <Filter>Header Files\Subs</Filter>
    </ClInclude>
    <ClInclude Include="SubsResampleDialog.h">
      <Filter>Header Files\Subs</Filter>
    </ClInclude>
    <ClInclude Include="SubsTime.h">
      <Filter>Header Files\Subs</Filter>
    </ClInclude>
    <ClInclude Include="Videobox.h">
      <Filter>Header Files\Video</Filter>
    </ClInclude>
    <ClInclude Include="VideoFfmpeg.h">
      <Filter>Header Files\Video</Filter>
    </ClInclude>
    <ClInclude Include="VideoFullscreen.h">
      <Filter>Header Files\Video</Filter>
    </ClInclude>
    <ClInclude Include="VideoRenderer.h">
      <Filter>Header Files\Video</Filter>
    </ClInclude>
    <ClInclude Include="VideoSlider.h">
      <Filter>Header Files\Video</Filter>
    </ClInclude>
    <ClInclude Include="VideoToolbar.h">
      <Filter>Header Files\Video</Filter>
    </ClInclude>
    <ClInclude Include="Visuals.h">
      <Filter>Header Files\Video</Filter>
    </ClInclude>
    <ClInclude Include="Vsfilterapi.h">
      <Filter>Header Files\Video</Filter>
    </ClInclude>
    <ClInclude Include="StyleChange.h">
      <Filter>Header Files\Styles</Filter>
    </ClInclude>
    <ClInclude Include="StyleList.h">
      <Filter>Header Files\Styles</Filter>
    </ClInclude>
    <ClInclude Include="Stylelistbox.h">
      <Filter>Header Files\Styles</Filter>
    </ClInclude>
    <ClInclude Include="StylePreview.h">
      <Filter>Header Files\Styles</Filter>
    </ClInclude>
    <ClInclude Include="Styles.h">
      <Filter>Header Files\Styles</Filter>
    </ClInclude>
    <ClInclude Include="StyleStore.h">
      <Filter>Header Files\Styles</Filter>
    </ClInclude>
    <ClInclude Include="DShowPlayer.h">
      <Filter>Header Files\Video</Filter>
    </ClInclude>
    <ClInclude Include="DshowRenderer.h">
      <Filter>Header Files\Video</Filter>
    </ClInclude>
    <ClInclude Include="FontCollector.h">
      <Filter>Header Files\Fonts</Filter>
    </ClInclude>
    <ClInclude Include="FontDialog.h">
      <Filter>Header Files\Fonts</Filter>
    </ClInclude>
    <ClInclude Include="FontEnumerator.h">
      <Filter>Header Files\Fonts</Filter>
    </ClInclude>
    <ClInclude Include="Menu.h">
      <Filter>Header Files\Controls</Filter>
    </ClInclude>
    <ClInclude Include="MenuButton.h">
      <Filter>Header Files\Controls</Filter>
    </ClInclude>
    <ClInclude Include="OptionsPanels.h">
      <Filter>Header Files\Windows &amp; Dialogs</Filter>
    </ClInclude>
    <ClInclude Include="OptionsDialog.h">
      <Filter>Header Files\Windows &amp; Dialogs</Filter>
    </ClInclude>
    <ClInclude Include="ProgressDialog.h">
      <Filter>Header Files\Windows &amp; Dialogs</Filter>
    </ClInclude>
    <ClInclude Include="ScriptInfo.h">
      <Filter>Header Files\Windows &amp; Dialogs</Filter>
    </ClInclude>
    <ClInclude Include="SelectLines.h">
      <Filter>Header Files\Windows &amp; Dialogs</Filter>
    </ClInclude>
    <ClInclude Include="SpellCheckerDialog.h">
      <Filter>Header Files\Windows &amp; Dialogs</Filter>
    </ClInclude>
    <ClInclude Include="TabPanel.h">
      <Filter>Header Files\Windows &amp; Dialogs</Filter>
    </ClInclude>
    <ClInclude Include="Tabs.h">
      <Filter>Header Files\Windows &amp; Dialogs</Filter>
    </ClInclude>
    <ClInclude Include="TLDialog.h">
      <Filter>Header Files\Windows &amp; Dialogs</Filter>
    </ClInclude>
    <ClInclude Include="ChangeTime.h">
      <Filter>Header Files\Windows &amp; Dialogs</Filter>
    </ClInclude>
    <ClInclude Include="Toolbar.h">
      <Filter>Header Files\Controls</Filter>
    </ClInclude>
    <ClInclude Include="NumCtrl.h">
      <Filter>Header Files\Controls</Filter>
    </ClInclude>
    <ClInclude Include="TimeCtrl.h">
      <Filter>Header Files\Controls</Filter>
    </ClInclude>
    <ClInclude Include="MyTextEditor.h">
      <Filter>Header Files\Controls</Filter>
    </ClInclude>
    <ClInclude Include="KaraokeSplitting.h">
      <Filter>Header Files\Audio</Filter>
    </ClInclude>
    <ClInclude Include="ColorPicker.h">
      <Filter>Header Files\Windows &amp; Dialogs</Filter>
    </ClInclude>
    <ClInclude Include="FindReplace.h">
      <Filter>Header Files\Windows &amp; Dialogs</Filter>
    </ClInclude>
    <ClInclude Include="GFFT\GFFT.h">
      <Filter>Header Files\Audio</Filter>
    </ClInclude>
    <ClInclude Include="ColorSpaceConverter.h">
      <Filter>Header Files\Video</Filter>
    </ClInclude>
    <ClInclude Include="EditBox.h">
      <Filter>Header Files\Windows &amp; Dialogs</Filter>
    </ClInclude>
    <ClInclude Include="NewCatalog.h">
      <Filter>Header Files\Windows &amp; Dialogs</Filter>
    </ClInclude>
    <ClInclude Include="AVLtree.h">
      <Filter>Header Files\Utils &amp; Config</Filter>
    </ClInclude>
    <ClInclude Include="ColorSpace.h">
      <Filter>Header Files\Utils &amp; Config</Filter>
    </ClInclude>
    <ClInclude Include="Config.h">
      <Filter>Header Files\Utils &amp; Config</Filter>
    </ClInclude>
    <ClInclude Include="DropFiles.h">
      <Filter>Header Files\Utils &amp; Config</Filter>
    </ClInclude>
    <ClInclude Include="EnumFactory.h">
      <Filter>Header Files\Utils &amp; Config</Filter>
    </ClInclude>
    <ClInclude Include="Hotkeys.h">
      <Filter>Header Files\Utils &amp; Config</Filter>
    </ClInclude>
    <ClInclude Include="MatroskaParser.h">
      <Filter>Header Files\Utils &amp; Config</Filter>
    </ClInclude>
    <ClInclude Include="MKVWrap.h">
      <Filter>Header Files\Utils &amp; Config</Filter>
    </ClInclude>
    <ClInclude Include="OpennWrite.h">
      <Filter>Header Files\Utils &amp; Config</Filter>
    </ClInclude>
    <ClInclude Include="resource.h">
      <Filter>Header Files\Utils &amp; Config</Filter>
    </ClInclude>
    <ClInclude Include="SpellChecker.h">
      <Filter>Header Files\Utils &amp; Config</Filter>
    </ClInclude>
    <ClInclude Include="Utils.h">
      <Filter>Header Files\Utils &amp; Config</Filter>
    </ClInclude>
    <ClInclude Include="VersionKainote.h">
      <Filter>Header Files\Utils &amp; Config</Filter>
    </ClInclude>
    <ClInclude Include="KainoteApp.h">
      <Filter>Header Files\Windows &amp; Dialogs</Filter>
    </ClInclude>
    <ClInclude Include="KainoteMain.h">
      <Filter>Header Files\Windows &amp; Dialogs</Filter>
    </ClInclude>
    <ClInclude Include="Registry.h">
      <Filter>Header Files\Utils &amp; Config</Filter>
    </ClInclude>
    <ClInclude Include="HotkeysNaming.h">
      <Filter>Header Files\Utils &amp; Config</Filter>
    </ClInclude>
    <ClInclude Include="AutomationHotkeysDialog.h">
      <Filter>Header Files\Automation</Filter>
    </ClInclude>
    <ClInclude Include="SubsGridDialogs.h">
      <Filter>Header Files\Subs</Filter>
    </ClInclude>
    <ClInclude Include="KaiTabBar.h">
      <Filter>Header Files\Controls</Filter>
    </ClInclude>
    <ClInclude Include="FindReplaceDialog.h">
      <Filter>Header Files\Windows &amp; Dialogs</Filter>
    </ClInclude>
    <ClInclude Include="FindReplaceResultsDialog.h">
      <Filter>Header Files\Windows &amp; Dialogs</Filter>
    </ClInclude>
    <ClInclude Include="KeyframesLoader.h">
      <Filter>Header Files\Video</Filter>
    </ClInclude>
    <ClInclude Include="LogHandler.h">
      <Filter>Header Files\Utils &amp; Config</Filter>
    </ClInclude>
  </ItemGroup>
  <ItemGroup>
    <ResourceCompile Include="resource.rc">
      <Filter>Resource Files</Filter>
    </ResourceCompile>
  </ItemGroup>
  <ItemGroup>
    <None Include="kai.ico">
      <Filter>Resource Files</Filter>
    </None>
    <None Include="Bitmaps\blank.cur">
      <Filter>Resource Files</Filter>
    </None>
    <None Include="Bitmaps\button_link.bmp">
      <Filter>Resource Files</Filter>
    </None>
    <None Include="Bitmaps\eyedropper.cur">
      <Filter>Resource Files</Filter>
    </None>
    <None Include="bitmaps\rcdata1.bin">
      <Filter>Resource Files</Filter>
    </None>
  </ItemGroup>
</Project>